// !$*UTF8*$!
{
	archiveVersion = 1;
	classes = {
	};
	objectVersion = 50;
	objects = {

/* Begin PBXBuildFile section */
		38BAF66A2668BD9F0051FDE1 /* AppDelegate.swift in Sources */ = {isa = PBXBuildFile; fileRef = 38BAF6692668BD9F0051FDE1 /* AppDelegate.swift */; };
		38BAF66C2668BD9F0051FDE1 /* SceneDelegate.swift in Sources */ = {isa = PBXBuildFile; fileRef = 38BAF66B2668BD9F0051FDE1 /* SceneDelegate.swift */; };
		38BAF66E2668BD9F0051FDE1 /* ViewController.swift in Sources */ = {isa = PBXBuildFile; fileRef = 38BAF66D2668BD9F0051FDE1 /* ViewController.swift */; };
		38BAF6712668BD9F0051FDE1 /* Main.storyboard in Resources */ = {isa = PBXBuildFile; fileRef = 38BAF66F2668BD9F0051FDE1 /* Main.storyboard */; };
		38BAF6732668BDA10051FDE1 /* Assets.xcassets in Resources */ = {isa = PBXBuildFile; fileRef = 38BAF6722668BDA10051FDE1 /* Assets.xcassets */; };
		38BAF6762668BDA10051FDE1 /* LaunchScreen.storyboard in Resources */ = {isa = PBXBuildFile; fileRef = 38BAF6742668BDA10051FDE1 /* LaunchScreen.storyboard */; };
		38BAF6842668BE640051FDE1 /* Media.xcassets in Resources */ = {isa = PBXBuildFile; fileRef = 38BAF6832668BE640051FDE1 /* Media.xcassets */; };
		38BAF6862668BE640051FDE1 /* ActionViewController.swift in Sources */ = {isa = PBXBuildFile; fileRef = 38BAF6852668BE640051FDE1 /* ActionViewController.swift */; };
		38BAF6892668BE640051FDE1 /* MainInterface.storyboard in Resources */ = {isa = PBXBuildFile; fileRef = 38BAF6872668BE640051FDE1 /* MainInterface.storyboard */; };
		38BAF68D2668BE640051FDE1 /* Extension.appex in Embed App Extensions */ = {isa = PBXBuildFile; fileRef = 38BAF6812668BE640051FDE1 /* Extension.appex */; settings = {ATTRIBUTES = (RemoveHeadersOnCopy, ); }; };
		38BAF6932668C1020051FDE1 /* Action.js in Resources */ = {isa = PBXBuildFile; fileRef = 38BAF6922668C1020051FDE1 /* Action.js */; };
/* End PBXBuildFile section */

/* Begin PBXContainerItemProxy section */
		38BAF68B2668BE640051FDE1 /* PBXContainerItemProxy */ = {
			isa = PBXContainerItemProxy;
			containerPortal = 38BAF65E2668BD9E0051FDE1 /* Project object */;
			proxyType = 1;
			remoteGlobalIDString = 38BAF6802668BE640051FDE1;
			remoteInfo = Extension;
		};
/* End PBXContainerItemProxy section */

/* Begin PBXCopyFilesBuildPhase section */
		38BAF6912668BE640051FDE1 /* Embed App Extensions */ = {
			isa = PBXCopyFilesBuildPhase;
			buildActionMask = 2147483647;
			dstPath = "";
			dstSubfolderSpec = 13;
			files = (
				38BAF68D2668BE640051FDE1 /* Extension.appex in Embed App Extensions */,
			);
			name = "Embed App Extensions";
			runOnlyForDeploymentPostprocessing = 0;
		};
/* End PBXCopyFilesBuildPhase section */

/* Begin PBXFileReference section */
		38BAF6662668BD9F0051FDE1 /* Project19.app */ = {isa = PBXFileReference; explicitFileType = wrapper.application; includeInIndex = 0; path = Project19.app; sourceTree = BUILT_PRODUCTS_DIR; };
		38BAF6692668BD9F0051FDE1 /* AppDelegate.swift */ = {isa = PBXFileReference; lastKnownFileType = sourcecode.swift; path = AppDelegate.swift; sourceTree = "<group>"; };
		38BAF66B2668BD9F0051FDE1 /* SceneDelegate.swift */ = {isa = PBXFileReference; lastKnownFileType = sourcecode.swift; path = SceneDelegate.swift; sourceTree = "<group>"; };
		38BAF66D2668BD9F0051FDE1 /* ViewController.swift */ = {isa = PBXFileReference; lastKnownFileType = sourcecode.swift; path = ViewController.swift; sourceTree = "<group>"; };
		38BAF6702668BD9F0051FDE1 /* Base */ = {isa = PBXFileReference; lastKnownFileType = file.storyboard; name = Base; path = Base.lproj/Main.storyboard; sourceTree = "<group>"; };
		38BAF6722668BDA10051FDE1 /* Assets.xcassets */ = {isa = PBXFileReference; lastKnownFileType = folder.assetcatalog; path = Assets.xcassets; sourceTree = "<group>"; };
		38BAF6752668BDA10051FDE1 /* Base */ = {isa = PBXFileReference; lastKnownFileType = file.storyboard; name = Base; path = Base.lproj/LaunchScreen.storyboard; sourceTree = "<group>"; };
		38BAF6772668BDA10051FDE1 /* Info.plist */ = {isa = PBXFileReference; lastKnownFileType = text.plist.xml; path = Info.plist; sourceTree = "<group>"; };
		38BAF6812668BE640051FDE1 /* Extension.appex */ = {isa = PBXFileReference; explicitFileType = "wrapper.app-extension"; includeInIndex = 0; path = Extension.appex; sourceTree = BUILT_PRODUCTS_DIR; };
		38BAF6832668BE640051FDE1 /* Media.xcassets */ = {isa = PBXFileReference; lastKnownFileType = folder.assetcatalog; path = Media.xcassets; sourceTree = "<group>"; };
		38BAF6852668BE640051FDE1 /* ActionViewController.swift */ = {isa = PBXFileReference; lastKnownFileType = sourcecode.swift; path = ActionViewController.swift; sourceTree = "<group>"; };
		38BAF6882668BE640051FDE1 /* Base */ = {isa = PBXFileReference; lastKnownFileType = file.storyboard; name = Base; path = Base.lproj/MainInterface.storyboard; sourceTree = "<group>"; };
		38BAF68A2668BE640051FDE1 /* Info.plist */ = {isa = PBXFileReference; lastKnownFileType = text.plist.xml; path = Info.plist; sourceTree = "<group>"; };
		38BAF6922668C1020051FDE1 /* Action.js */ = {isa = PBXFileReference; lastKnownFileType = sourcecode.javascript; path = Action.js; sourceTree = "<group>"; };
/* End PBXFileReference section */

/* Begin PBXFrameworksBuildPhase section */
		38BAF6632668BD9F0051FDE1 /* Frameworks */ = {
			isa = PBXFrameworksBuildPhase;
			buildActionMask = 2147483647;
			files = (
			);
			runOnlyForDeploymentPostprocessing = 0;
		};
		38BAF67E2668BE640051FDE1 /* Frameworks */ = {
			isa = PBXFrameworksBuildPhase;
			buildActionMask = 2147483647;
			files = (
			);
			runOnlyForDeploymentPostprocessing = 0;
		};
/* End PBXFrameworksBuildPhase section */

/* Begin PBXGroup section */
		38BAF65D2668BD9E0051FDE1 = {
			isa = PBXGroup;
			children = (
				38BAF6682668BD9F0051FDE1 /* Project19 */,
				38BAF6822668BE640051FDE1 /* Extension */,
				38BAF6672668BD9F0051FDE1 /* Products */,
			);
			sourceTree = "<group>";
		};
		38BAF6672668BD9F0051FDE1 /* Products */ = {
			isa = PBXGroup;
			children = (
				38BAF6662668BD9F0051FDE1 /* Project19.app */,
				38BAF6812668BE640051FDE1 /* Extension.appex */,
			);
			name = Products;
			sourceTree = "<group>";
		};
		38BAF6682668BD9F0051FDE1 /* Project19 */ = {
			isa = PBXGroup;
			children = (
				38BAF6692668BD9F0051FDE1 /* AppDelegate.swift */,
				38BAF66B2668BD9F0051FDE1 /* SceneDelegate.swift */,
				38BAF66D2668BD9F0051FDE1 /* ViewController.swift */,
				38BAF66F2668BD9F0051FDE1 /* Main.storyboard */,
				38BAF6722668BDA10051FDE1 /* Assets.xcassets */,
				38BAF6742668BDA10051FDE1 /* LaunchScreen.storyboard */,
				38BAF6772668BDA10051FDE1 /* Info.plist */,
			);
			path = Project19;
			sourceTree = "<group>";
		};
		38BAF6822668BE640051FDE1 /* Extension */ = {
			isa = PBXGroup;
			children = (
				38BAF6832668BE640051FDE1 /* Media.xcassets */,
				38BAF6852668BE640051FDE1 /* ActionViewController.swift */,
				38BAF6872668BE640051FDE1 /* MainInterface.storyboard */,
				38BAF68A2668BE640051FDE1 /* Info.plist */,
				38BAF6922668C1020051FDE1 /* Action.js */,
			);
			path = Extension;
			sourceTree = "<group>";
		};
/* End PBXGroup section */

/* Begin PBXNativeTarget section */
		38BAF6652668BD9F0051FDE1 /* Project19 */ = {
			isa = PBXNativeTarget;
			buildConfigurationList = 38BAF67A2668BDA10051FDE1 /* Build configuration list for PBXNativeTarget "Project19" */;
			buildPhases = (
				38BAF6622668BD9F0051FDE1 /* Sources */,
				38BAF6632668BD9F0051FDE1 /* Frameworks */,
				38BAF6642668BD9F0051FDE1 /* Resources */,
				38BAF6912668BE640051FDE1 /* Embed App Extensions */,
			);
			buildRules = (
			);
			dependencies = (
				38BAF68C2668BE640051FDE1 /* PBXTargetDependency */,
			);
			name = Project19;
			productName = Project19;
			productReference = 38BAF6662668BD9F0051FDE1 /* Project19.app */;
			productType = "com.apple.product-type.application";
		};
		38BAF6802668BE640051FDE1 /* Extension */ = {
			isa = PBXNativeTarget;
			buildConfigurationList = 38BAF68E2668BE640051FDE1 /* Build configuration list for PBXNativeTarget "Extension" */;
			buildPhases = (
				38BAF67D2668BE640051FDE1 /* Sources */,
				38BAF67E2668BE640051FDE1 /* Frameworks */,
				38BAF67F2668BE640051FDE1 /* Resources */,
			);
			buildRules = (
			);
			dependencies = (
			);
			name = Extension;
			productName = Extension;
			productReference = 38BAF6812668BE640051FDE1 /* Extension.appex */;
			productType = "com.apple.product-type.app-extension";
		};
/* End PBXNativeTarget section */

/* Begin PBXProject section */
		38BAF65E2668BD9E0051FDE1 /* Project object */ = {
			isa = PBXProject;
			attributes = {
				LastSwiftUpdateCheck = 1250;
				LastUpgradeCheck = 1250;
				TargetAttributes = {
					38BAF6652668BD9F0051FDE1 = {
						CreatedOnToolsVersion = 12.5;
					};
					38BAF6802668BE640051FDE1 = {
						CreatedOnToolsVersion = 12.5;
					};
				};
			};
			buildConfigurationList = 38BAF6612668BD9E0051FDE1 /* Build configuration list for PBXProject "Project19" */;
			compatibilityVersion = "Xcode 9.3";
			developmentRegion = en;
			hasScannedForEncodings = 0;
			knownRegions = (
				en,
				Base,
			);
			mainGroup = 38BAF65D2668BD9E0051FDE1;
			productRefGroup = 38BAF6672668BD9F0051FDE1 /* Products */;
			projectDirPath = "";
			projectRoot = "";
			targets = (
				38BAF6652668BD9F0051FDE1 /* Project19 */,
				38BAF6802668BE640051FDE1 /* Extension */,
			);
		};
/* End PBXProject section */

/* Begin PBXResourcesBuildPhase section */
		38BAF6642668BD9F0051FDE1 /* Resources */ = {
			isa = PBXResourcesBuildPhase;
			buildActionMask = 2147483647;
			files = (
				38BAF6762668BDA10051FDE1 /* LaunchScreen.storyboard in Resources */,
				38BAF6732668BDA10051FDE1 /* Assets.xcassets in Resources */,
				38BAF6712668BD9F0051FDE1 /* Main.storyboard in Resources */,
			);
			runOnlyForDeploymentPostprocessing = 0;
		};
		38BAF67F2668BE640051FDE1 /* Resources */ = {
			isa = PBXResourcesBuildPhase;
			buildActionMask = 2147483647;
			files = (
				38BAF6932668C1020051FDE1 /* Action.js in Resources */,
				38BAF6842668BE640051FDE1 /* Media.xcassets in Resources */,
				38BAF6892668BE640051FDE1 /* MainInterface.storyboard in Resources */,
			);
			runOnlyForDeploymentPostprocessing = 0;
		};
/* End PBXResourcesBuildPhase section */

/* Begin PBXSourcesBuildPhase section */
		38BAF6622668BD9F0051FDE1 /* Sources */ = {
			isa = PBXSourcesBuildPhase;
			buildActionMask = 2147483647;
			files = (
				38BAF66E2668BD9F0051FDE1 /* ViewController.swift in Sources */,
				38BAF66A2668BD9F0051FDE1 /* AppDelegate.swift in Sources */,
				38BAF66C2668BD9F0051FDE1 /* SceneDelegate.swift in Sources */,
			);
			runOnlyForDeploymentPostprocessing = 0;
		};
		38BAF67D2668BE640051FDE1 /* Sources */ = {
			isa = PBXSourcesBuildPhase;
			buildActionMask = 2147483647;
			files = (
				38BAF6862668BE640051FDE1 /* ActionViewController.swift in Sources */,
			);
			runOnlyForDeploymentPostprocessing = 0;
		};
/* End PBXSourcesBuildPhase section */

/* Begin PBXTargetDependency section */
		38BAF68C2668BE640051FDE1 /* PBXTargetDependency */ = {
			isa = PBXTargetDependency;
			target = 38BAF6802668BE640051FDE1 /* Extension */;
			targetProxy = 38BAF68B2668BE640051FDE1 /* PBXContainerItemProxy */;
		};
/* End PBXTargetDependency section */

/* Begin PBXVariantGroup section */
		38BAF66F2668BD9F0051FDE1 /* Main.storyboard */ = {
			isa = PBXVariantGroup;
			children = (
				38BAF6702668BD9F0051FDE1 /* Base */,
			);
			name = Main.storyboard;
			sourceTree = "<group>";
		};
		38BAF6742668BDA10051FDE1 /* LaunchScreen.storyboard */ = {
			isa = PBXVariantGroup;
			children = (
				38BAF6752668BDA10051FDE1 /* Base */,
			);
			name = LaunchScreen.storyboard;
			sourceTree = "<group>";
		};
		38BAF6872668BE640051FDE1 /* MainInterface.storyboard */ = {
			isa = PBXVariantGroup;
			children = (
				38BAF6882668BE640051FDE1 /* Base */,
			);
			name = MainInterface.storyboard;
			sourceTree = "<group>";
		};
/* End PBXVariantGroup section */

/* Begin XCBuildConfiguration section */
		38BAF6782668BDA10051FDE1 /* Debug */ = {
			isa = XCBuildConfiguration;
			buildSettings = {
				ALWAYS_SEARCH_USER_PATHS = NO;
				CLANG_ANALYZER_NONNULL = YES;
				CLANG_ANALYZER_NUMBER_OBJECT_CONVERSION = YES_AGGRESSIVE;
				CLANG_CXX_LANGUAGE_STANDARD = "gnu++14";
				CLANG_CXX_LIBRARY = "libc++";
				CLANG_ENABLE_MODULES = YES;
				CLANG_ENABLE_OBJC_ARC = YES;
				CLANG_ENABLE_OBJC_WEAK = YES;
				CLANG_WARN_BLOCK_CAPTURE_AUTORELEASING = YES;
				CLANG_WARN_BOOL_CONVERSION = YES;
				CLANG_WARN_COMMA = YES;
				CLANG_WARN_CONSTANT_CONVERSION = YES;
				CLANG_WARN_DEPRECATED_OBJC_IMPLEMENTATIONS = YES;
				CLANG_WARN_DIRECT_OBJC_ISA_USAGE = YES_ERROR;
				CLANG_WARN_DOCUMENTATION_COMMENTS = YES;
				CLANG_WARN_EMPTY_BODY = YES;
				CLANG_WARN_ENUM_CONVERSION = YES;
				CLANG_WARN_INFINITE_RECURSION = YES;
				CLANG_WARN_INT_CONVERSION = YES;
				CLANG_WARN_NON_LITERAL_NULL_CONVERSION = YES;
				CLANG_WARN_OBJC_IMPLICIT_RETAIN_SELF = YES;
				CLANG_WARN_OBJC_LITERAL_CONVERSION = YES;
				CLANG_WARN_OBJC_ROOT_CLASS = YES_ERROR;
				CLANG_WARN_QUOTED_INCLUDE_IN_FRAMEWORK_HEADER = YES;
				CLANG_WARN_RANGE_LOOP_ANALYSIS = YES;
				CLANG_WARN_STRICT_PROTOTYPES = YES;
				CLANG_WARN_SUSPICIOUS_MOVE = YES;
				CLANG_WARN_UNGUARDED_AVAILABILITY = YES_AGGRESSIVE;
				CLANG_WARN_UNREACHABLE_CODE = YES;
				CLANG_WARN__DUPLICATE_METHOD_MATCH = YES;
				COPY_PHASE_STRIP = NO;
				DEBUG_INFORMATION_FORMAT = dwarf;
				ENABLE_STRICT_OBJC_MSGSEND = YES;
				ENABLE_TESTABILITY = YES;
				GCC_C_LANGUAGE_STANDARD = gnu11;
				GCC_DYNAMIC_NO_PIC = NO;
				GCC_NO_COMMON_BLOCKS = YES;
				GCC_OPTIMIZATION_LEVEL = 0;
				GCC_PREPROCESSOR_DEFINITIONS = (
					"DEBUG=1",
					"$(inherited)",
				);
				GCC_WARN_64_TO_32_BIT_CONVERSION = YES;
				GCC_WARN_ABOUT_RETURN_TYPE = YES_ERROR;
				GCC_WARN_UNDECLARED_SELECTOR = YES;
				GCC_WARN_UNINITIALIZED_AUTOS = YES_AGGRESSIVE;
				GCC_WARN_UNUSED_FUNCTION = YES;
				GCC_WARN_UNUSED_VARIABLE = YES;
				IPHONEOS_DEPLOYMENT_TARGET = 14.5;
				MTL_ENABLE_DEBUG_INFO = INCLUDE_SOURCE;
				MTL_FAST_MATH = YES;
				ONLY_ACTIVE_ARCH = YES;
				SDKROOT = iphoneos;
				SWIFT_ACTIVE_COMPILATION_CONDITIONS = DEBUG;
				SWIFT_OPTIMIZATION_LEVEL = "-Onone";
			};
			name = Debug;
		};
		38BAF6792668BDA10051FDE1 /* Release */ = {
			isa = XCBuildConfiguration;
			buildSettings = {
				ALWAYS_SEARCH_USER_PATHS = NO;
				CLANG_ANALYZER_NONNULL = YES;
				CLANG_ANALYZER_NUMBER_OBJECT_CONVERSION = YES_AGGRESSIVE;
				CLANG_CXX_LANGUAGE_STANDARD = "gnu++14";
				CLANG_CXX_LIBRARY = "libc++";
				CLANG_ENABLE_MODULES = YES;
				CLANG_ENABLE_OBJC_ARC = YES;
				CLANG_ENABLE_OBJC_WEAK = YES;
				CLANG_WARN_BLOCK_CAPTURE_AUTORELEASING = YES;
				CLANG_WARN_BOOL_CONVERSION = YES;
				CLANG_WARN_COMMA = YES;
				CLANG_WARN_CONSTANT_CONVERSION = YES;
				CLANG_WARN_DEPRECATED_OBJC_IMPLEMENTATIONS = YES;
				CLANG_WARN_DIRECT_OBJC_ISA_USAGE = YES_ERROR;
				CLANG_WARN_DOCUMENTATION_COMMENTS = YES;
				CLANG_WARN_EMPTY_BODY = YES;
				CLANG_WARN_ENUM_CONVERSION = YES;
				CLANG_WARN_INFINITE_RECURSION = YES;
				CLANG_WARN_INT_CONVERSION = YES;
				CLANG_WARN_NON_LITERAL_NULL_CONVERSION = YES;
				CLANG_WARN_OBJC_IMPLICIT_RETAIN_SELF = YES;
				CLANG_WARN_OBJC_LITERAL_CONVERSION = YES;
				CLANG_WARN_OBJC_ROOT_CLASS = YES_ERROR;
				CLANG_WARN_QUOTED_INCLUDE_IN_FRAMEWORK_HEADER = YES;
				CLANG_WARN_RANGE_LOOP_ANALYSIS = YES;
				CLANG_WARN_STRICT_PROTOTYPES = YES;
				CLANG_WARN_SUSPICIOUS_MOVE = YES;
				CLANG_WARN_UNGUARDED_AVAILABILITY = YES_AGGRESSIVE;
				CLANG_WARN_UNREACHABLE_CODE = YES;
				CLANG_WARN__DUPLICATE_METHOD_MATCH = YES;
				COPY_PHASE_STRIP = NO;
				DEBUG_INFORMATION_FORMAT = "dwarf-with-dsym";
				ENABLE_NS_ASSERTIONS = NO;
				ENABLE_STRICT_OBJC_MSGSEND = YES;
				GCC_C_LANGUAGE_STANDARD = gnu11;
				GCC_NO_COMMON_BLOCKS = YES;
				GCC_WARN_64_TO_32_BIT_CONVERSION = YES;
				GCC_WARN_ABOUT_RETURN_TYPE = YES_ERROR;
				GCC_WARN_UNDECLARED_SELECTOR = YES;
				GCC_WARN_UNINITIALIZED_AUTOS = YES_AGGRESSIVE;
				GCC_WARN_UNUSED_FUNCTION = YES;
				GCC_WARN_UNUSED_VARIABLE = YES;
				IPHONEOS_DEPLOYMENT_TARGET = 14.5;
				MTL_ENABLE_DEBUG_INFO = NO;
				MTL_FAST_MATH = YES;
				SDKROOT = iphoneos;
				SWIFT_COMPILATION_MODE = wholemodule;
				SWIFT_OPTIMIZATION_LEVEL = "-O";
				VALIDATE_PRODUCT = YES;
			};
			name = Release;
		};
		38BAF67B2668BDA10051FDE1 /* Debug */ = {
			isa = XCBuildConfiguration;
			buildSettings = {
				ALWAYS_EMBED_SWIFT_STANDARD_LIBRARIES = YES;
				ASSETCATALOG_COMPILER_APPICON_NAME = AppIcon;
				ASSETCATALOG_COMPILER_GLOBAL_ACCENT_COLOR_NAME = AccentColor;
				CODE_SIGN_STYLE = Automatic;
				DEVELOPMENT_TEAM = UM3QPHF8E3;
				INFOPLIST_FILE = Project19/Info.plist;
				LD_RUNPATH_SEARCH_PATHS = (
					"$(inherited)",
					"@executable_path/Frameworks",
				);
				PRODUCT_BUNDLE_IDENTIFIER = me.chenchik.ios.Project19;
				PRODUCT_NAME = "$(TARGET_NAME)";
				SWIFT_VERSION = 5.0;
				TARGETED_DEVICE_FAMILY = "1,2";
			};
			name = Debug;
		};
		38BAF67C2668BDA10051FDE1 /* Release */ = {
			isa = XCBuildConfiguration;
			buildSettings = {
				ALWAYS_EMBED_SWIFT_STANDARD_LIBRARIES = YES;
				ASSETCATALOG_COMPILER_APPICON_NAME = AppIcon;
				ASSETCATALOG_COMPILER_GLOBAL_ACCENT_COLOR_NAME = AccentColor;
				CODE_SIGN_STYLE = Automatic;
				DEVELOPMENT_TEAM = UM3QPHF8E3;
				INFOPLIST_FILE = Project19/Info.plist;
				LD_RUNPATH_SEARCH_PATHS = (
					"$(inherited)",
					"@executable_path/Frameworks",
				);
				PRODUCT_BUNDLE_IDENTIFIER = me.chenchik.ios.Project19;
				PRODUCT_NAME = "$(TARGET_NAME)";
				SWIFT_VERSION = 5.0;
				TARGETED_DEVICE_FAMILY = "1,2";
			};
			name = Release;
		};
		38BAF68F2668BE640051FDE1 /* Debug */ = {
			isa = XCBuildConfiguration;
			buildSettings = {
				CODE_SIGN_STYLE = Automatic;
				DEVELOPMENT_TEAM = UM3QPHF8E3;
				INFOPLIST_FILE = Extension/Info.plist;
				LD_RUNPATH_SEARCH_PATHS = (
					"$(inherited)",
					"@executable_path/Frameworks",
					"@executable_path/../../Frameworks",
				);
				PRODUCT_BUNDLE_IDENTIFIER = me.chenchik.ios.Project19.Extension;
				PRODUCT_NAME = "$(TARGET_NAME)";
				SKIP_INSTALL = YES;
				SWIFT_VERSION = 5.0;
				TARGETED_DEVICE_FAMILY = "1,2";
			};
			name = Debug;
		};
		38BAF6902668BE640051FDE1 /* Release */ = {
			isa = XCBuildConfiguration;
			buildSettings = {
				CODE_SIGN_STYLE = Automatic;
				DEVELOPMENT_TEAM = UM3QPHF8E3;
				INFOPLIST_FILE = Extension/Info.plist;
				LD_RUNPATH_SEARCH_PATHS = (
					"$(inherited)",
					"@executable_path/Frameworks",
					"@executable_path/../../Frameworks",
				);
				PRODUCT_BUNDLE_IDENTIFIER = me.chenchik.ios.Project19.Extension;
				PRODUCT_NAME = "$(TARGET_NAME)";
				SKIP_INSTALL = YES;
				SWIFT_VERSION = 5.0;
				TARGETED_DEVICE_FAMILY = "1,2";
			};
			name = Release;
		};
/* End XCBuildConfiguration section */

/* Begin XCConfigurationList section */
		38BAF6612668BD9E0051FDE1 /* Build configuration list for PBXProject "Project19" */ = {
			isa = XCConfigurationList;
			buildConfigurations = (
				38BAF6782668BDA10051FDE1 /* Debug */,
				38BAF6792668BDA10051FDE1 /* Release */,
			);
			defaultConfigurationIsVisible = 0;
			defaultConfigurationName = Release;
		};
		38BAF67A2668BDA10051FDE1 /* Build configuration list for PBXNativeTarget "Project19" */ = {
			isa = XCConfigurationList;
			buildConfigurations = (
				38BAF67B2668BDA10051FDE1 /* Debug */,
				38BAF67C2668BDA10051FDE1 /* Release */,
			);
			defaultConfigurationIsVisible = 0;
			defaultConfigurationName = Release;
		};
		38BAF68E2668BE640051FDE1 /* Build configuration list for PBXNativeTarget "Extension" */ = {
			isa = XCConfigurationList;
			buildConfigurations = (
				38BAF68F2668BE640051FDE1 /* Debug */,
				38BAF6902668BE640051FDE1 /* Release */,
			);
			defaultConfigurationIsVisible = 0;
			defaultConfigurationName = Release;
		};
/* End XCConfigurationList section */
	};
	rootObject = 38BAF65E2668BD9E0051FDE1 /* Project object */;
}
