// !$*UTF8*$!
{
	archiveVersion = 1;
	classes = {
	};
	objectVersion = 55;
	objects = {

/* Begin PBXBuildFile section */
		38210D36269DFAF2005BE6A2 /* EditItemView.swift in Sources */ = {isa = PBXBuildFile; fileRef = 38210D35269DFAF2005BE6A2 /* EditItemView.swift */; };
		38210D38269DFE45005BE6A2 /* ItemRowView.swift in Sources */ = {isa = PBXBuildFile; fileRef = 38210D37269DFE45005BE6A2 /* ItemRowView.swift */; };
		38210D3A269E0753005BE6A2 /* Binding-onChange.swift in Sources */ = {isa = PBXBuildFile; fileRef = 38210D39269E0753005BE6A2 /* Binding-onChange.swift */; };
		38210D3C269E0B66005BE6A2 /* ProjectHeaderView.swift in Sources */ = {isa = PBXBuildFile; fileRef = 38210D3B269E0B66005BE6A2 /* ProjectHeaderView.swift */; };
		38210D3E269E0EE7005BE6A2 /* Colors.xcassets in Resources */ = {isa = PBXBuildFile; fileRef = 38210D3D269E0EE7005BE6A2 /* Colors.xcassets */; };
		38210D42269E1003005BE6A2 /* EditProjectView.swift in Sources */ = {isa = PBXBuildFile; fileRef = 38210D41269E1003005BE6A2 /* EditProjectView.swift */; };
		38210D44269ED680005BE6A2 /* Sequence-Sorting.swift in Sources */ = {isa = PBXBuildFile; fileRef = 38210D43269ED680005BE6A2 /* Sequence-Sorting.swift */; };
		38210D46269F07E3005BE6A2 /* SelectSomethingView.swift in Sources */ = {isa = PBXBuildFile; fileRef = 38210D45269F07E3005BE6A2 /* SelectSomethingView.swift */; };
		387F06EF269F0C2200560A9C /* Bundle-Decodable.swift in Sources */ = {isa = PBXBuildFile; fileRef = 387F06EE269F0C2200560A9C /* Bundle-Decodable.swift */; };
		387F06F3269F12DF00560A9C /* Award.swift in Sources */ = {isa = PBXBuildFile; fileRef = 387F06F2269F12DF00560A9C /* Award.swift */; };
		387F06F5269F137100560A9C /* AwardsView.swift in Sources */ = {isa = PBXBuildFile; fileRef = 387F06F4269F137100560A9C /* AwardsView.swift */; };
		387F06F7269F320F00560A9C /* Color-Additions.swift in Sources */ = {isa = PBXBuildFile; fileRef = 387F06F6269F320F00560A9C /* Color-Additions.swift */; };
		387F06FC26A07D2200560A9C /* Localizable.strings in Resources */ = {isa = PBXBuildFile; fileRef = 387F06FE26A07D2200560A9C /* Localizable.strings */; };
		387F070026A07D6C00560A9C /* Localizable.stringsdict in Resources */ = {isa = PBXBuildFile; fileRef = 387F070226A07D6C00560A9C /* Localizable.stringsdict */; };
		387F070426A07D7E00560A9C /* Awards.json in Resources */ = {isa = PBXBuildFile; fileRef = 387F070626A07D7E00560A9C /* Awards.json */; };
		387F070926A0A48100560A9C /* ItemListView.swift in Sources */ = {isa = PBXBuildFile; fileRef = 387F070826A0A48100560A9C /* ItemListView.swift */; };
		387F070B26A0A51E00560A9C /* ProjectSummaryView.swift in Sources */ = {isa = PBXBuildFile; fileRef = 387F070A26A0A51E00560A9C /* ProjectSummaryView.swift */; };
		387F070D26A0AAE600560A9C /* ItemListRowView.swift in Sources */ = {isa = PBXBuildFile; fileRef = 387F070C26A0AAE600560A9C /* ItemListRowView.swift */; };
		387F071226A1777E00560A9C /* README.md in Resources */ = {isa = PBXBuildFile; fileRef = 387F071126A1777E00560A9C /* README.md */; };
		38F7A2FC269DB94200E39BE1 /* UltimatePortfolioApp.swift in Sources */ = {isa = PBXBuildFile; fileRef = 38F7A2FB269DB94200E39BE1 /* UltimatePortfolioApp.swift */; };
		38F7A2FE269DB94200E39BE1 /* ContentView.swift in Sources */ = {isa = PBXBuildFile; fileRef = 38F7A2FD269DB94200E39BE1 /* ContentView.swift */; };
		38F7A300269DB94300E39BE1 /* Assets.xcassets in Resources */ = {isa = PBXBuildFile; fileRef = 38F7A2FF269DB94300E39BE1 /* Assets.xcassets */; };
		38F7A303269DB94300E39BE1 /* Preview Assets.xcassets in Resources */ = {isa = PBXBuildFile; fileRef = 38F7A302269DB94300E39BE1 /* Preview Assets.xcassets */; };
		38F7A30B269DBCB600E39BE1 /* Main.xcdatamodeld in Sources */ = {isa = PBXBuildFile; fileRef = 38F7A309269DBCB600E39BE1 /* Main.xcdatamodeld */; };
		38F7A30D269DC1CC00E39BE1 /* DataController.swift in Sources */ = {isa = PBXBuildFile; fileRef = 38F7A30C269DC1CC00E39BE1 /* DataController.swift */; };
		38F7A312269DCD8400E39BE1 /* CloudKit.framework in Frameworks */ = {isa = PBXBuildFile; fileRef = 38F7A311269DCD8400E39BE1 /* CloudKit.framework */; };
		38F7A314269DCED800E39BE1 /* HomeView.swift in Sources */ = {isa = PBXBuildFile; fileRef = 38F7A313269DCED800E39BE1 /* HomeView.swift */; };
		38F7A316269DCF3B00E39BE1 /* ProjectsView.swift in Sources */ = {isa = PBXBuildFile; fileRef = 38F7A315269DCF3B00E39BE1 /* ProjectsView.swift */; };
		38F7A318269DF17700E39BE1 /* Item-CoreDataHelpers.swift in Sources */ = {isa = PBXBuildFile; fileRef = 38F7A317269DF17700E39BE1 /* Item-CoreDataHelpers.swift */; };
		38F7A31A269DF25E00E39BE1 /* Project-CoreDataHelpers.swift in Sources */ = {isa = PBXBuildFile; fileRef = 38F7A319269DF25E00E39BE1 /* Project-CoreDataHelpers.swift */; };
/* End PBXBuildFile section */

/* Begin PBXFileReference section */
		38210D35269DFAF2005BE6A2 /* EditItemView.swift */ = {isa = PBXFileReference; lastKnownFileType = sourcecode.swift; path = EditItemView.swift; sourceTree = "<group>"; };
		38210D37269DFE45005BE6A2 /* ItemRowView.swift */ = {isa = PBXFileReference; lastKnownFileType = sourcecode.swift; path = ItemRowView.swift; sourceTree = "<group>"; };
		38210D39269E0753005BE6A2 /* Binding-onChange.swift */ = {isa = PBXFileReference; lastKnownFileType = sourcecode.swift; path = "Binding-onChange.swift"; sourceTree = "<group>"; };
		38210D3B269E0B66005BE6A2 /* ProjectHeaderView.swift */ = {isa = PBXFileReference; lastKnownFileType = sourcecode.swift; path = ProjectHeaderView.swift; sourceTree = "<group>"; };
		38210D3D269E0EE7005BE6A2 /* Colors.xcassets */ = {isa = PBXFileReference; lastKnownFileType = folder.assetcatalog; path = Colors.xcassets; sourceTree = "<group>"; };
		38210D41269E1003005BE6A2 /* EditProjectView.swift */ = {isa = PBXFileReference; lastKnownFileType = sourcecode.swift; path = EditProjectView.swift; sourceTree = "<group>"; };
		38210D43269ED680005BE6A2 /* Sequence-Sorting.swift */ = {isa = PBXFileReference; lastKnownFileType = sourcecode.swift; path = "Sequence-Sorting.swift"; sourceTree = "<group>"; };
		38210D45269F07E3005BE6A2 /* SelectSomethingView.swift */ = {isa = PBXFileReference; lastKnownFileType = sourcecode.swift; path = SelectSomethingView.swift; sourceTree = "<group>"; };
		387F06EE269F0C2200560A9C /* Bundle-Decodable.swift */ = {isa = PBXFileReference; lastKnownFileType = sourcecode.swift; path = "Bundle-Decodable.swift"; sourceTree = "<group>"; };
		387F06F2269F12DF00560A9C /* Award.swift */ = {isa = PBXFileReference; lastKnownFileType = sourcecode.swift; path = Award.swift; sourceTree = "<group>"; };
		387F06F4269F137100560A9C /* AwardsView.swift */ = {isa = PBXFileReference; lastKnownFileType = sourcecode.swift; path = AwardsView.swift; sourceTree = "<group>"; };
		387F06F6269F320F00560A9C /* Color-Additions.swift */ = {isa = PBXFileReference; lastKnownFileType = sourcecode.swift; path = "Color-Additions.swift"; sourceTree = "<group>"; };
		387F06FD26A07D2200560A9C /* en */ = {isa = PBXFileReference; lastKnownFileType = text.plist.strings; name = en; path = en.lproj/Localizable.strings; sourceTree = "<group>"; };
		387F06FF26A07D3300560A9C /* hu */ = {isa = PBXFileReference; lastKnownFileType = text.plist.strings; name = hu; path = hu.lproj/Localizable.strings; sourceTree = "<group>"; };
		387F070126A07D6C00560A9C /* en */ = {isa = PBXFileReference; lastKnownFileType = text.plist.stringsdict; name = en; path = en.lproj/Localizable.stringsdict; sourceTree = "<group>"; };
		387F070326A07D6F00560A9C /* hu */ = {isa = PBXFileReference; lastKnownFileType = text.plist.stringsdict; name = hu; path = hu.lproj/Localizable.stringsdict; sourceTree = "<group>"; };
		387F070526A07D7E00560A9C /* en */ = {isa = PBXFileReference; lastKnownFileType = text.json; name = en; path = en.lproj/Awards.json; sourceTree = "<group>"; };
		387F070726A07D8A00560A9C /* hu */ = {isa = PBXFileReference; lastKnownFileType = text.json; name = hu; path = hu.lproj/Awards.json; sourceTree = "<group>"; };
		387F070826A0A48100560A9C /* ItemListView.swift */ = {isa = PBXFileReference; lastKnownFileType = sourcecode.swift; path = ItemListView.swift; sourceTree = "<group>"; };
		387F070A26A0A51E00560A9C /* ProjectSummaryView.swift */ = {isa = PBXFileReference; lastKnownFileType = sourcecode.swift; path = ProjectSummaryView.swift; sourceTree = "<group>"; };
		387F070C26A0AAE600560A9C /* ItemListRowView.swift */ = {isa = PBXFileReference; lastKnownFileType = sourcecode.swift; path = ItemListRowView.swift; sourceTree = "<group>"; };
		387F071126A1777E00560A9C /* README.md */ = {isa = PBXFileReference; fileEncoding = 4; lastKnownFileType = net.daringfireball.markdown; path = README.md; sourceTree = "<group>"; };
		38F7A2F8269DB94200E39BE1 /* UltimatePortfolio.app */ = {isa = PBXFileReference; explicitFileType = wrapper.application; includeInIndex = 0; path = UltimatePortfolio.app; sourceTree = BUILT_PRODUCTS_DIR; };
		38F7A2FB269DB94200E39BE1 /* UltimatePortfolioApp.swift */ = {isa = PBXFileReference; lastKnownFileType = sourcecode.swift; path = UltimatePortfolioApp.swift; sourceTree = "<group>"; };
		38F7A2FD269DB94200E39BE1 /* ContentView.swift */ = {isa = PBXFileReference; lastKnownFileType = sourcecode.swift; path = ContentView.swift; sourceTree = "<group>"; };
		38F7A2FF269DB94300E39BE1 /* Assets.xcassets */ = {isa = PBXFileReference; lastKnownFileType = folder.assetcatalog; path = Assets.xcassets; sourceTree = "<group>"; };
		38F7A302269DB94300E39BE1 /* Preview Assets.xcassets */ = {isa = PBXFileReference; lastKnownFileType = folder.assetcatalog; path = "Preview Assets.xcassets"; sourceTree = "<group>"; };
		38F7A30A269DBCB600E39BE1 /* Main.xcdatamodel */ = {isa = PBXFileReference; lastKnownFileType = wrapper.xcdatamodel; path = Main.xcdatamodel; sourceTree = "<group>"; };
		38F7A30C269DC1CC00E39BE1 /* DataController.swift */ = {isa = PBXFileReference; lastKnownFileType = sourcecode.swift; path = DataController.swift; sourceTree = "<group>"; };
		38F7A30E269DCD5D00E39BE1 /* UltimatePortfolio.entitlements */ = {isa = PBXFileReference; lastKnownFileType = text.plist.entitlements; path = UltimatePortfolio.entitlements; sourceTree = "<group>"; };
		38F7A30F269DCD6500E39BE1 /* Info.plist */ = {isa = PBXFileReference; lastKnownFileType = text.plist.xml; path = Info.plist; sourceTree = "<group>"; };
		38F7A311269DCD8400E39BE1 /* CloudKit.framework */ = {isa = PBXFileReference; lastKnownFileType = wrapper.framework; name = CloudKit.framework; path = System/Library/Frameworks/CloudKit.framework; sourceTree = SDKROOT; };
		38F7A313269DCED800E39BE1 /* HomeView.swift */ = {isa = PBXFileReference; lastKnownFileType = sourcecode.swift; path = HomeView.swift; sourceTree = "<group>"; };
		38F7A315269DCF3B00E39BE1 /* ProjectsView.swift */ = {isa = PBXFileReference; lastKnownFileType = sourcecode.swift; path = ProjectsView.swift; sourceTree = "<group>"; };
		38F7A317269DF17700E39BE1 /* Item-CoreDataHelpers.swift */ = {isa = PBXFileReference; lastKnownFileType = sourcecode.swift; path = "Item-CoreDataHelpers.swift"; sourceTree = "<group>"; };
		38F7A319269DF25E00E39BE1 /* Project-CoreDataHelpers.swift */ = {isa = PBXFileReference; lastKnownFileType = sourcecode.swift; path = "Project-CoreDataHelpers.swift"; sourceTree = "<group>"; };
/* End PBXFileReference section */

/* Begin PBXFrameworksBuildPhase section */
		38F7A2F5269DB94200E39BE1 /* Frameworks */ = {
			isa = PBXFrameworksBuildPhase;
			buildActionMask = 2147483647;
			files = (
				38F7A312269DCD8400E39BE1 /* CloudKit.framework in Frameworks */,
			);
			runOnlyForDeploymentPostprocessing = 0;
		};
/* End PBXFrameworksBuildPhase section */

/* Begin PBXGroup section */
		387F071326A17B5200560A9C /* Models */ = {
			isa = PBXGroup;
			children = (
				38F7A317269DF17700E39BE1 /* Item-CoreDataHelpers.swift */,
				38F7A319269DF25E00E39BE1 /* Project-CoreDataHelpers.swift */,
			);
			path = Models;
			sourceTree = "<group>";
		};
		387F071626A17BD900560A9C /* Extensions */ = {
			isa = PBXGroup;
			children = (
				387F071326A17B5200560A9C /* Models */,
				38210D39269E0753005BE6A2 /* Binding-onChange.swift */,
				387F06EE269F0C2200560A9C /* Bundle-Decodable.swift */,
				387F06F6269F320F00560A9C /* Color-Additions.swift */,
				38210D43269ED680005BE6A2 /* Sequence-Sorting.swift */,
			);
			path = Extensions;
			sourceTree = "<group>";
		};
		387F071726A17BF300560A9C /* Localization */ = {
			isa = PBXGroup;
			children = (
				387F06FE26A07D2200560A9C /* Localizable.strings */,
				387F070226A07D6C00560A9C /* Localizable.stringsdict */,
			);
			path = Localization;
			sourceTree = "<group>";
		};
		387F071826A17BFB00560A9C /* Configuration */ = {
			isa = PBXGroup;
			children = (
				38F7A30F269DCD6500E39BE1 /* Info.plist */,
				38F7A30E269DCD5D00E39BE1 /* UltimatePortfolio.entitlements */,
				38F7A309269DBCB600E39BE1 /* Main.xcdatamodeld */,
			);
			path = Configuration;
			sourceTree = "<group>";
		};
		387F071926A17DAB00560A9C /* Activities */ = {
			isa = PBXGroup;
			children = (
				387F071A26A17DC100560A9C /* Home */,
				387F071B26A17DC600560A9C /* Projects */,
				387F071C26A17DD000560A9C /* Awards */,
			);
			path = Activities;
			sourceTree = "<group>";
		};
		387F071A26A17DC100560A9C /* Home */ = {
			isa = PBXGroup;
			children = (
				38F7A313269DCED800E39BE1 /* HomeView.swift */,
				387F070A26A0A51E00560A9C /* ProjectSummaryView.swift */,
				387F070826A0A48100560A9C /* ItemListView.swift */,
				387F070C26A0AAE600560A9C /* ItemListRowView.swift */,
			);
			path = Home;
			sourceTree = "<group>";
		};
		387F071B26A17DC600560A9C /* Projects */ = {
			isa = PBXGroup;
			children = (
				38F7A315269DCF3B00E39BE1 /* ProjectsView.swift */,
				38210D45269F07E3005BE6A2 /* SelectSomethingView.swift */,
				38210D3B269E0B66005BE6A2 /* ProjectHeaderView.swift */,
				38210D37269DFE45005BE6A2 /* ItemRowView.swift */,
				38210D41269E1003005BE6A2 /* EditProjectView.swift */,
				38210D35269DFAF2005BE6A2 /* EditItemView.swift */,
			);
			path = Projects;
			sourceTree = "<group>";
		};
		387F071C26A17DD000560A9C /* Awards */ = {
			isa = PBXGroup;
			children = (
				387F06F4269F137100560A9C /* AwardsView.swift */,
				387F06F2269F12DF00560A9C /* Award.swift */,
				387F070626A07D7E00560A9C /* Awards.json */,
			);
			path = Awards;
			sourceTree = "<group>";
		};
		38F7A2EF269DB94200E39BE1 = {
			isa = PBXGroup;
			children = (
				387F071126A1777E00560A9C /* README.md */,
				38F7A2FA269DB94200E39BE1 /* UltimatePortfolio */,
				38F7A2F9269DB94200E39BE1 /* Products */,
				38F7A310269DCD8400E39BE1 /* Frameworks */,
			);
			sourceTree = "<group>";
		};
		38F7A2F9269DB94200E39BE1 /* Products */ = {
			isa = PBXGroup;
			children = (
				38F7A2F8269DB94200E39BE1 /* UltimatePortfolio.app */,
			);
			name = Products;
			sourceTree = "<group>";
		};
		38F7A2FA269DB94200E39BE1 /* UltimatePortfolio */ = {
			isa = PBXGroup;
			children = (
				387F071926A17DAB00560A9C /* Activities */,
				387F071626A17BD900560A9C /* Extensions */,
				387F071726A17BF300560A9C /* Localization */,
				387F071826A17BFB00560A9C /* Configuration */,
				38F7A2FB269DB94200E39BE1 /* UltimatePortfolioApp.swift */,
				38F7A2FD269DB94200E39BE1 /* ContentView.swift */,
				38F7A30C269DC1CC00E39BE1 /* DataController.swift */,
				38210D3D269E0EE7005BE6A2 /* Colors.xcassets */,
				38F7A2FF269DB94300E39BE1 /* Assets.xcassets */,
				38F7A301269DB94300E39BE1 /* Preview Content */,
			);
			path = UltimatePortfolio;
			sourceTree = "<group>";
		};
		38F7A301269DB94300E39BE1 /* Preview Content */ = {
			isa = PBXGroup;
			children = (
				38F7A302269DB94300E39BE1 /* Preview Assets.xcassets */,
			);
			path = "Preview Content";
			sourceTree = "<group>";
		};
		38F7A310269DCD8400E39BE1 /* Frameworks */ = {
			isa = PBXGroup;
			children = (
				38F7A311269DCD8400E39BE1 /* CloudKit.framework */,
			);
			name = Frameworks;
			sourceTree = "<group>";
		};
/* End PBXGroup section */

/* Begin PBXNativeTarget section */
		38F7A2F7269DB94200E39BE1 /* UltimatePortfolio */ = {
			isa = PBXNativeTarget;
			buildConfigurationList = 38F7A306269DB94300E39BE1 /* Build configuration list for PBXNativeTarget "UltimatePortfolio" */;
			buildPhases = (
				38F7A2F4269DB94200E39BE1 /* Sources */,
				38F7A2F5269DB94200E39BE1 /* Frameworks */,
				38F7A2F6269DB94200E39BE1 /* Resources */,
				387F071026A15EB200560A9C /* SwiftLint */,
			);
			buildRules = (
			);
			dependencies = (
			);
			name = UltimatePortfolio;
			productName = UltimatePortfolio;
			productReference = 38F7A2F8269DB94200E39BE1 /* UltimatePortfolio.app */;
			productType = "com.apple.product-type.application";
		};
/* End PBXNativeTarget section */

/* Begin PBXProject section */
		38F7A2F0269DB94200E39BE1 /* Project object */ = {
			isa = PBXProject;
			attributes = {
				BuildIndependentTargetsInParallel = 1;
				LastSwiftUpdateCheck = 1300;
				LastUpgradeCheck = 1300;
				TargetAttributes = {
					38F7A2F7269DB94200E39BE1 = {
						CreatedOnToolsVersion = 13.0;
					};
				};
			};
			buildConfigurationList = 38F7A2F3269DB94200E39BE1 /* Build configuration list for PBXProject "UltimatePortfolio" */;
			compatibilityVersion = "Xcode 13.0";
			developmentRegion = en;
			hasScannedForEncodings = 0;
			knownRegions = (
				en,
				Base,
				hu,
			);
			mainGroup = 38F7A2EF269DB94200E39BE1;
			productRefGroup = 38F7A2F9269DB94200E39BE1 /* Products */;
			projectDirPath = "";
			projectRoot = "";
			targets = (
				38F7A2F7269DB94200E39BE1 /* UltimatePortfolio */,
			);
		};
/* End PBXProject section */

/* Begin PBXResourcesBuildPhase section */
		38F7A2F6269DB94200E39BE1 /* Resources */ = {
			isa = PBXResourcesBuildPhase;
			buildActionMask = 2147483647;
			files = (
				387F06FC26A07D2200560A9C /* Localizable.strings in Resources */,
				38210D3E269E0EE7005BE6A2 /* Colors.xcassets in Resources */,
				387F070426A07D7E00560A9C /* Awards.json in Resources */,
				387F071226A1777E00560A9C /* README.md in Resources */,
				38F7A303269DB94300E39BE1 /* Preview Assets.xcassets in Resources */,
				38F7A300269DB94300E39BE1 /* Assets.xcassets in Resources */,
				387F070026A07D6C00560A9C /* Localizable.stringsdict in Resources */,
			);
			runOnlyForDeploymentPostprocessing = 0;
		};
/* End PBXResourcesBuildPhase section */

/* Begin PBXShellScriptBuildPhase section */
		387F071026A15EB200560A9C /* SwiftLint */ = {
			isa = PBXShellScriptBuildPhase;
			buildActionMask = 2147483647;
			files = (
			);
			inputFileListPaths = (
			);
			inputPaths = (
			);
			name = SwiftLint;
			outputFileListPaths = (
			);
			outputPaths = (
			);
			runOnlyForDeploymentPostprocessing = 0;
			shellPath = /bin/sh;
			shellScript = "# Adds support for Apple Silicon brew directory\nexport PATH=\"$PATH:/opt/homebrew/bin\"\n\nif which swiftlint >/dev/null; then\n    swiftlint autocorrect && swiftlint\nelse\n  echo \"warning: SwiftLint not installed, download from https://github.com/realm/SwiftLint\"\nfi\n";
		};
/* End PBXShellScriptBuildPhase section */

/* Begin PBXSourcesBuildPhase section */
		38F7A2F4269DB94200E39BE1 /* Sources */ = {
			isa = PBXSourcesBuildPhase;
			buildActionMask = 2147483647;
			files = (
				38F7A316269DCF3B00E39BE1 /* ProjectsView.swift in Sources */,
				387F070B26A0A51E00560A9C /* ProjectSummaryView.swift in Sources */,
				38210D3C269E0B66005BE6A2 /* ProjectHeaderView.swift in Sources */,
				387F06F5269F137100560A9C /* AwardsView.swift in Sources */,
				387F070D26A0AAE600560A9C /* ItemListRowView.swift in Sources */,
				38F7A30B269DBCB600E39BE1 /* Main.xcdatamodeld in Sources */,
				38F7A31A269DF25E00E39BE1 /* Project-CoreDataHelpers.swift in Sources */,
				387F06F7269F320F00560A9C /* Color-Additions.swift in Sources */,
				38210D42269E1003005BE6A2 /* EditProjectView.swift in Sources */,
				38F7A30D269DC1CC00E39BE1 /* DataController.swift in Sources */,
				38210D46269F07E3005BE6A2 /* SelectSomethingView.swift in Sources */,
				387F06F3269F12DF00560A9C /* Award.swift in Sources */,
				38210D38269DFE45005BE6A2 /* ItemRowView.swift in Sources */,
				38210D3A269E0753005BE6A2 /* Binding-onChange.swift in Sources */,
				38F7A2FE269DB94200E39BE1 /* ContentView.swift in Sources */,
				38210D44269ED680005BE6A2 /* Sequence-Sorting.swift in Sources */,
				387F06EF269F0C2200560A9C /* Bundle-Decodable.swift in Sources */,
				387F070926A0A48100560A9C /* ItemListView.swift in Sources */,
				38F7A314269DCED800E39BE1 /* HomeView.swift in Sources */,
				38F7A2FC269DB94200E39BE1 /* UltimatePortfolioApp.swift in Sources */,
				38F7A318269DF17700E39BE1 /* Item-CoreDataHelpers.swift in Sources */,
				38210D36269DFAF2005BE6A2 /* EditItemView.swift in Sources */,
			);
			runOnlyForDeploymentPostprocessing = 0;
		};
/* End PBXSourcesBuildPhase section */

/* Begin PBXVariantGroup section */
		387F06FE26A07D2200560A9C /* Localizable.strings */ = {
			isa = PBXVariantGroup;
			children = (
				387F06FD26A07D2200560A9C /* en */,
				387F06FF26A07D3300560A9C /* hu */,
			);
			name = Localizable.strings;
			sourceTree = "<group>";
		};
		387F070226A07D6C00560A9C /* Localizable.stringsdict */ = {
			isa = PBXVariantGroup;
			children = (
				387F070126A07D6C00560A9C /* en */,
				387F070326A07D6F00560A9C /* hu */,
			);
			name = Localizable.stringsdict;
			sourceTree = "<group>";
		};
		387F070626A07D7E00560A9C /* Awards.json */ = {
			isa = PBXVariantGroup;
			children = (
				387F070526A07D7E00560A9C /* en */,
				387F070726A07D8A00560A9C /* hu */,
			);
			name = Awards.json;
			sourceTree = "<group>";
		};
/* End PBXVariantGroup section */

/* Begin XCBuildConfiguration section */
		38F7A304269DB94300E39BE1 /* Debug */ = {
			isa = XCBuildConfiguration;
			buildSettings = {
				ALWAYS_SEARCH_USER_PATHS = NO;
				CLANG_ANALYZER_NONNULL = YES;
				CLANG_ANALYZER_NUMBER_OBJECT_CONVERSION = YES_AGGRESSIVE;
				CLANG_CXX_LANGUAGE_STANDARD = "gnu++14";
				CLANG_CXX_LIBRARY = "libc++";
				CLANG_ENABLE_MODULES = YES;
				CLANG_ENABLE_OBJC_ARC = YES;
				CLANG_ENABLE_OBJC_WEAK = YES;
				CLANG_WARN_BLOCK_CAPTURE_AUTORELEASING = YES;
				CLANG_WARN_BOOL_CONVERSION = YES;
				CLANG_WARN_COMMA = YES;
				CLANG_WARN_CONSTANT_CONVERSION = YES;
				CLANG_WARN_DEPRECATED_OBJC_IMPLEMENTATIONS = YES;
				CLANG_WARN_DIRECT_OBJC_ISA_USAGE = YES_ERROR;
				CLANG_WARN_DOCUMENTATION_COMMENTS = YES;
				CLANG_WARN_EMPTY_BODY = YES;
				CLANG_WARN_ENUM_CONVERSION = YES;
				CLANG_WARN_INFINITE_RECURSION = YES;
				CLANG_WARN_INT_CONVERSION = YES;
				CLANG_WARN_NON_LITERAL_NULL_CONVERSION = YES;
				CLANG_WARN_OBJC_IMPLICIT_RETAIN_SELF = YES;
				CLANG_WARN_OBJC_LITERAL_CONVERSION = YES;
				CLANG_WARN_OBJC_ROOT_CLASS = YES_ERROR;
				CLANG_WARN_QUOTED_INCLUDE_IN_FRAMEWORK_HEADER = YES;
				CLANG_WARN_RANGE_LOOP_ANALYSIS = YES;
				CLANG_WARN_STRICT_PROTOTYPES = YES;
				CLANG_WARN_SUSPICIOUS_MOVE = YES;
				CLANG_WARN_UNGUARDED_AVAILABILITY = YES_AGGRESSIVE;
				CLANG_WARN_UNREACHABLE_CODE = YES;
				CLANG_WARN__DUPLICATE_METHOD_MATCH = YES;
				COPY_PHASE_STRIP = NO;
				DEBUG_INFORMATION_FORMAT = dwarf;
				ENABLE_STRICT_OBJC_MSGSEND = YES;
				ENABLE_TESTABILITY = YES;
				GCC_C_LANGUAGE_STANDARD = gnu11;
				GCC_DYNAMIC_NO_PIC = NO;
				GCC_NO_COMMON_BLOCKS = YES;
				GCC_OPTIMIZATION_LEVEL = 0;
				GCC_PREPROCESSOR_DEFINITIONS = (
					"DEBUG=1",
					"$(inherited)",
				);
				GCC_WARN_64_TO_32_BIT_CONVERSION = YES;
				GCC_WARN_ABOUT_RETURN_TYPE = YES_ERROR;
				GCC_WARN_UNDECLARED_SELECTOR = YES;
				GCC_WARN_UNINITIALIZED_AUTOS = YES_AGGRESSIVE;
				GCC_WARN_UNUSED_FUNCTION = YES;
				GCC_WARN_UNUSED_VARIABLE = YES;
				IPHONEOS_DEPLOYMENT_TARGET = 15.0;
				MTL_ENABLE_DEBUG_INFO = INCLUDE_SOURCE;
				MTL_FAST_MATH = YES;
				ONLY_ACTIVE_ARCH = YES;
				SDKROOT = iphoneos;
				SWIFT_ACTIVE_COMPILATION_CONDITIONS = DEBUG;
				SWIFT_OPTIMIZATION_LEVEL = "-Onone";
			};
			name = Debug;
		};
		38F7A305269DB94300E39BE1 /* Release */ = {
			isa = XCBuildConfiguration;
			buildSettings = {
				ALWAYS_SEARCH_USER_PATHS = NO;
				CLANG_ANALYZER_NONNULL = YES;
				CLANG_ANALYZER_NUMBER_OBJECT_CONVERSION = YES_AGGRESSIVE;
				CLANG_CXX_LANGUAGE_STANDARD = "gnu++14";
				CLANG_CXX_LIBRARY = "libc++";
				CLANG_ENABLE_MODULES = YES;
				CLANG_ENABLE_OBJC_ARC = YES;
				CLANG_ENABLE_OBJC_WEAK = YES;
				CLANG_WARN_BLOCK_CAPTURE_AUTORELEASING = YES;
				CLANG_WARN_BOOL_CONVERSION = YES;
				CLANG_WARN_COMMA = YES;
				CLANG_WARN_CONSTANT_CONVERSION = YES;
				CLANG_WARN_DEPRECATED_OBJC_IMPLEMENTATIONS = YES;
				CLANG_WARN_DIRECT_OBJC_ISA_USAGE = YES_ERROR;
				CLANG_WARN_DOCUMENTATION_COMMENTS = YES;
				CLANG_WARN_EMPTY_BODY = YES;
				CLANG_WARN_ENUM_CONVERSION = YES;
				CLANG_WARN_INFINITE_RECURSION = YES;
				CLANG_WARN_INT_CONVERSION = YES;
				CLANG_WARN_NON_LITERAL_NULL_CONVERSION = YES;
				CLANG_WARN_OBJC_IMPLICIT_RETAIN_SELF = YES;
				CLANG_WARN_OBJC_LITERAL_CONVERSION = YES;
				CLANG_WARN_OBJC_ROOT_CLASS = YES_ERROR;
				CLANG_WARN_QUOTED_INCLUDE_IN_FRAMEWORK_HEADER = YES;
				CLANG_WARN_RANGE_LOOP_ANALYSIS = YES;
				CLANG_WARN_STRICT_PROTOTYPES = YES;
				CLANG_WARN_SUSPICIOUS_MOVE = YES;
				CLANG_WARN_UNGUARDED_AVAILABILITY = YES_AGGRESSIVE;
				CLANG_WARN_UNREACHABLE_CODE = YES;
				CLANG_WARN__DUPLICATE_METHOD_MATCH = YES;
				COPY_PHASE_STRIP = NO;
				DEBUG_INFORMATION_FORMAT = "dwarf-with-dsym";
				ENABLE_NS_ASSERTIONS = NO;
				ENABLE_STRICT_OBJC_MSGSEND = YES;
				GCC_C_LANGUAGE_STANDARD = gnu11;
				GCC_NO_COMMON_BLOCKS = YES;
				GCC_WARN_64_TO_32_BIT_CONVERSION = YES;
				GCC_WARN_ABOUT_RETURN_TYPE = YES_ERROR;
				GCC_WARN_UNDECLARED_SELECTOR = YES;
				GCC_WARN_UNINITIALIZED_AUTOS = YES_AGGRESSIVE;
				GCC_WARN_UNUSED_FUNCTION = YES;
				GCC_WARN_UNUSED_VARIABLE = YES;
				IPHONEOS_DEPLOYMENT_TARGET = 15.0;
				MTL_ENABLE_DEBUG_INFO = NO;
				MTL_FAST_MATH = YES;
				SDKROOT = iphoneos;
				SWIFT_COMPILATION_MODE = wholemodule;
				SWIFT_OPTIMIZATION_LEVEL = "-O";
				VALIDATE_PRODUCT = YES;
			};
			name = Release;
		};
		38F7A307269DB94300E39BE1 /* Debug */ = {
			isa = XCBuildConfiguration;
			buildSettings = {
				ASSETCATALOG_COMPILER_APPICON_NAME = AppIcon;
				ASSETCATALOG_COMPILER_GLOBAL_ACCENT_COLOR_NAME = AccentColor;
				CODE_SIGN_ENTITLEMENTS = UltimatePortfolio/Configuration/UltimatePortfolio.entitlements;
				CODE_SIGN_STYLE = Automatic;
				CURRENT_PROJECT_VERSION = 1;
				DEVELOPMENT_ASSET_PATHS = "\"UltimatePortfolio/Preview Content\"";
				DEVELOPMENT_TEAM = UM3QPHF8E3;
				ENABLE_PREVIEWS = YES;
				GENERATE_INFOPLIST_FILE = YES;
				INFOPLIST_FILE = UltimatePortfolio/Configuration/Info.plist;
				INFOPLIST_KEY_CFBundleExecutable = UltimatePortfolio;
				INFOPLIST_KEY_CFBundleName = UltimatePortfolio;
				INFOPLIST_KEY_CFBundleVersion = 1;
				INFOPLIST_KEY_UIApplicationSceneManifest_Generation = YES;
				INFOPLIST_KEY_UIApplicationSupportsIndirectInputEvents = YES;
				INFOPLIST_KEY_UILaunchScreen_Generation = YES;
				INFOPLIST_KEY_UISupportedInterfaceOrientations_iPad = "UIInterfaceOrientationPortrait UIInterfaceOrientationPortraitUpsideDown UIInterfaceOrientationLandscapeLeft UIInterfaceOrientationLandscapeRight";
				INFOPLIST_KEY_UISupportedInterfaceOrientations_iPhone = "UIInterfaceOrientationPortrait UIInterfaceOrientationLandscapeLeft UIInterfaceOrientationLandscapeRight";
				IPHONEOS_DEPLOYMENT_TARGET = 14.0;
				LD_RUNPATH_SEARCH_PATHS = (
					"$(inherited)",
					"@executable_path/Frameworks",
				);
				MARKETING_VERSION = 1.0;
				PRODUCT_BUNDLE_IDENTIFIER = me.chenchik.ios.UltimatePortfolio;
				PRODUCT_NAME = "$(TARGET_NAME)";
				SWIFT_EMIT_LOC_STRINGS = YES;
				SWIFT_VERSION = 5.0;
				TARGETED_DEVICE_FAMILY = "1,2";
			};
			name = Debug;
		};
		38F7A308269DB94300E39BE1 /* Release */ = {
			isa = XCBuildConfiguration;
			buildSettings = {
				ASSETCATALOG_COMPILER_APPICON_NAME = AppIcon;
				ASSETCATALOG_COMPILER_GLOBAL_ACCENT_COLOR_NAME = AccentColor;
				CODE_SIGN_ENTITLEMENTS = UltimatePortfolio/Configuration/UltimatePortfolio.entitlements;
				CODE_SIGN_STYLE = Automatic;
				CURRENT_PROJECT_VERSION = 1;
				DEVELOPMENT_ASSET_PATHS = "\"UltimatePortfolio/Preview Content\"";
				DEVELOPMENT_TEAM = UM3QPHF8E3;
				ENABLE_PREVIEWS = YES;
				GENERATE_INFOPLIST_FILE = YES;
				INFOPLIST_FILE = UltimatePortfolio/Configuration/Info.plist;
				INFOPLIST_KEY_CFBundleExecutable = UltimatePortfolio;
				INFOPLIST_KEY_CFBundleName = UltimatePortfolio;
				INFOPLIST_KEY_CFBundleVersion = 1;
				INFOPLIST_KEY_UIApplicationSceneManifest_Generation = YES;
				INFOPLIST_KEY_UIApplicationSupportsIndirectInputEvents = YES;
				INFOPLIST_KEY_UILaunchScreen_Generation = YES;
				INFOPLIST_KEY_UISupportedInterfaceOrientations_iPad = "UIInterfaceOrientationPortrait UIInterfaceOrientationPortraitUpsideDown UIInterfaceOrientationLandscapeLeft UIInterfaceOrientationLandscapeRight";
				INFOPLIST_KEY_UISupportedInterfaceOrientations_iPhone = "UIInterfaceOrientationPortrait UIInterfaceOrientationLandscapeLeft UIInterfaceOrientationLandscapeRight";
				IPHONEOS_DEPLOYMENT_TARGET = 14.0;
				LD_RUNPATH_SEARCH_PATHS = (
					"$(inherited)",
					"@executable_path/Frameworks",
				);
				MARKETING_VERSION = 1.0;
				PRODUCT_BUNDLE_IDENTIFIER = me.chenchik.ios.UltimatePortfolio;
				PRODUCT_NAME = "$(TARGET_NAME)";
				SWIFT_EMIT_LOC_STRINGS = YES;
				SWIFT_VERSION = 5.0;
				TARGETED_DEVICE_FAMILY = "1,2";
			};
			name = Release;
		};
/* End XCBuildConfiguration section */

/* Begin XCConfigurationList section */
		38F7A2F3269DB94200E39BE1 /* Build configuration list for PBXProject "UltimatePortfolio" */ = {
			isa = XCConfigurationList;
			buildConfigurations = (
				38F7A304269DB94300E39BE1 /* Debug */,
				38F7A305269DB94300E39BE1 /* Release */,
			);
			defaultConfigurationIsVisible = 0;
			defaultConfigurationName = Release;
		};
		38F7A306269DB94300E39BE1 /* Build configuration list for PBXNativeTarget "UltimatePortfolio" */ = {
			isa = XCConfigurationList;
			buildConfigurations = (
				38F7A307269DB94300E39BE1 /* Debug */,
				38F7A308269DB94300E39BE1 /* Release */,
			);
			defaultConfigurationIsVisible = 0;
			defaultConfigurationName = Release;
		};
/* End XCConfigurationList section */

/* Begin XCVersionGroup section */
		38F7A309269DBCB600E39BE1 /* Main.xcdatamodeld */ = {
			isa = XCVersionGroup;
			children = (
				38F7A30A269DBCB600E39BE1 /* Main.xcdatamodel */,
			);
			currentVersion = 38F7A30A269DBCB600E39BE1 /* Main.xcdatamodel */;
			path = Main.xcdatamodeld;
			sourceTree = "<group>";
			versionGroupType = wrapper.xcdatamodel;
		};
/* End XCVersionGroup section */
	};
	rootObject = 38F7A2F0269DB94200E39BE1 /* Project object */;
}
