// !$*UTF8*$!
{
	archiveVersion = 1;
	classes = {
	};
	objectVersion = 50;
	objects = {

/* Begin PBXBuildFile section */
		38D846262695F80400D4BA3E /* AppDelegate.swift in Sources */ = {isa = PBXBuildFile; fileRef = 38D846252695F80400D4BA3E /* AppDelegate.swift */; };
		38D846282695F80400D4BA3E /* SceneDelegate.swift in Sources */ = {isa = PBXBuildFile; fileRef = 38D846272695F80400D4BA3E /* SceneDelegate.swift */; };
		38D8462A2695F80400D4BA3E /* ContentView.swift in Sources */ = {isa = PBXBuildFile; fileRef = 38D846292695F80400D4BA3E /* ContentView.swift */; };
		38D8462C2695F80500D4BA3E /* Assets.xcassets in Resources */ = {isa = PBXBuildFile; fileRef = 38D8462B2695F80500D4BA3E /* Assets.xcassets */; };
		38D8462F2695F80500D4BA3E /* Preview Assets.xcassets in Resources */ = {isa = PBXBuildFile; fileRef = 38D8462E2695F80500D4BA3E /* Preview Assets.xcassets */; };
		38D846322695F80500D4BA3E /* LaunchScreen.storyboard in Resources */ = {isa = PBXBuildFile; fileRef = 38D846302695F80500D4BA3E /* LaunchScreen.storyboard */; };
		38D8463A2695FC6A00D4BA3E /* resorts.json in Resources */ = {isa = PBXBuildFile; fileRef = 38D846392695FC6A00D4BA3E /* resorts.json */; };
		38D8463C2695FCA400D4BA3E /* Resort.swift in Sources */ = {isa = PBXBuildFile; fileRef = 38D8463B2695FCA400D4BA3E /* Resort.swift */; };
		38D8463E2695FD5C00D4BA3E /* Bundle-Decodable.swift in Sources */ = {isa = PBXBuildFile; fileRef = 38D8463D2695FD5C00D4BA3E /* Bundle-Decodable.swift */; };
		38D846402695FF1F00D4BA3E /* WelcomeView.swift in Sources */ = {isa = PBXBuildFile; fileRef = 38D8463F2695FF1F00D4BA3E /* WelcomeView.swift */; };
		38D846422696009B00D4BA3E /* ResortView.swift in Sources */ = {isa = PBXBuildFile; fileRef = 38D846412696009B00D4BA3E /* ResortView.swift */; };
		38D84644269601C900D4BA3E /* SkiDetailsView.swift in Sources */ = {isa = PBXBuildFile; fileRef = 38D84643269601C900D4BA3E /* SkiDetailsView.swift */; };
		38D846462696020200D4BA3E /* ResortDetailsView.swift in Sources */ = {isa = PBXBuildFile; fileRef = 38D846452696020200D4BA3E /* ResortDetailsView.swift */; };
		38D846482696066100D4BA3E /* Facility.swift in Sources */ = {isa = PBXBuildFile; fileRef = 38D846472696066100D4BA3E /* Facility.swift */; };
		38D8464C269609CE00D4BA3E /* Favorites.swift in Sources */ = {isa = PBXBuildFile; fileRef = 38D8464B269609CE00D4BA3E /* Favorites.swift */; };
/* End PBXBuildFile section */

/* Begin PBXFileReference section */
		38D846222695F80400D4BA3E /* SnowSeeker.app */ = {isa = PBXFileReference; explicitFileType = wrapper.application; includeInIndex = 0; path = SnowSeeker.app; sourceTree = BUILT_PRODUCTS_DIR; };
		38D846252695F80400D4BA3E /* AppDelegate.swift */ = {isa = PBXFileReference; lastKnownFileType = sourcecode.swift; path = AppDelegate.swift; sourceTree = "<group>"; };
		38D846272695F80400D4BA3E /* SceneDelegate.swift */ = {isa = PBXFileReference; lastKnownFileType = sourcecode.swift; path = SceneDelegate.swift; sourceTree = "<group>"; };
		38D846292695F80400D4BA3E /* ContentView.swift */ = {isa = PBXFileReference; lastKnownFileType = sourcecode.swift; path = ContentView.swift; sourceTree = "<group>"; };
		38D8462B2695F80500D4BA3E /* Assets.xcassets */ = {isa = PBXFileReference; lastKnownFileType = folder.assetcatalog; path = Assets.xcassets; sourceTree = "<group>"; };
		38D8462E2695F80500D4BA3E /* Preview Assets.xcassets */ = {isa = PBXFileReference; lastKnownFileType = folder.assetcatalog; path = "Preview Assets.xcassets"; sourceTree = "<group>"; };
		38D846312695F80500D4BA3E /* Base */ = {isa = PBXFileReference; lastKnownFileType = file.storyboard; name = Base; path = Base.lproj/LaunchScreen.storyboard; sourceTree = "<group>"; };
		38D846332695F80500D4BA3E /* Info.plist */ = {isa = PBXFileReference; lastKnownFileType = text.plist.xml; path = Info.plist; sourceTree = "<group>"; };
		38D846392695FC6A00D4BA3E /* resorts.json */ = {isa = PBXFileReference; fileEncoding = 4; lastKnownFileType = text.json; path = resorts.json; sourceTree = "<group>"; };
		38D8463B2695FCA400D4BA3E /* Resort.swift */ = {isa = PBXFileReference; lastKnownFileType = sourcecode.swift; path = Resort.swift; sourceTree = "<group>"; };
		38D8463D2695FD5C00D4BA3E /* Bundle-Decodable.swift */ = {isa = PBXFileReference; lastKnownFileType = sourcecode.swift; path = "Bundle-Decodable.swift"; sourceTree = "<group>"; };
		38D8463F2695FF1F00D4BA3E /* WelcomeView.swift */ = {isa = PBXFileReference; lastKnownFileType = sourcecode.swift; path = WelcomeView.swift; sourceTree = "<group>"; };
		38D846412696009B00D4BA3E /* ResortView.swift */ = {isa = PBXFileReference; lastKnownFileType = sourcecode.swift; path = ResortView.swift; sourceTree = "<group>"; };
		38D84643269601C900D4BA3E /* SkiDetailsView.swift */ = {isa = PBXFileReference; lastKnownFileType = sourcecode.swift; path = SkiDetailsView.swift; sourceTree = "<group>"; };
		38D846452696020200D4BA3E /* ResortDetailsView.swift */ = {isa = PBXFileReference; lastKnownFileType = sourcecode.swift; path = ResortDetailsView.swift; sourceTree = "<group>"; };
		38D846472696066100D4BA3E /* Facility.swift */ = {isa = PBXFileReference; lastKnownFileType = sourcecode.swift; path = Facility.swift; sourceTree = "<group>"; };
		38D8464B269609CE00D4BA3E /* Favorites.swift */ = {isa = PBXFileReference; lastKnownFileType = sourcecode.swift; path = Favorites.swift; sourceTree = "<group>"; };
/* End PBXFileReference section */

/* Begin PBXFrameworksBuildPhase section */
		38D8461F2695F80400D4BA3E /* Frameworks */ = {
			isa = PBXFrameworksBuildPhase;
			buildActionMask = 2147483647;
			files = (
			);
			runOnlyForDeploymentPostprocessing = 0;
		};
/* End PBXFrameworksBuildPhase section */

/* Begin PBXGroup section */
		38D846192695F80400D4BA3E = {
			isa = PBXGroup;
			children = (
				38D846242695F80400D4BA3E /* SnowSeeker */,
				38D846232695F80400D4BA3E /* Products */,
			);
			sourceTree = "<group>";
		};
		38D846232695F80400D4BA3E /* Products */ = {
			isa = PBXGroup;
			children = (
				38D846222695F80400D4BA3E /* SnowSeeker.app */,
			);
			name = Products;
			sourceTree = "<group>";
		};
		38D846242695F80400D4BA3E /* SnowSeeker */ = {
			isa = PBXGroup;
			children = (
				38D8464B269609CE00D4BA3E /* Favorites.swift */,
				38D846252695F80400D4BA3E /* AppDelegate.swift */,
				38D846272695F80400D4BA3E /* SceneDelegate.swift */,
				38D846292695F80400D4BA3E /* ContentView.swift */,
				38D84643269601C900D4BA3E /* SkiDetailsView.swift */,
				38D846452696020200D4BA3E /* ResortDetailsView.swift */,
				38D846412696009B00D4BA3E /* ResortView.swift */,
				38D846472696066100D4BA3E /* Facility.swift */,
				38D8463F2695FF1F00D4BA3E /* WelcomeView.swift */,
				38D8462B2695F80500D4BA3E /* Assets.xcassets */,
				38D846302695F80500D4BA3E /* LaunchScreen.storyboard */,
				38D846392695FC6A00D4BA3E /* resorts.json */,
				38D8463B2695FCA400D4BA3E /* Resort.swift */,
				38D8463D2695FD5C00D4BA3E /* Bundle-Decodable.swift */,
				38D846332695F80500D4BA3E /* Info.plist */,
				38D8462D2695F80500D4BA3E /* Preview Content */,
			);
			path = SnowSeeker;
			sourceTree = "<group>";
		};
		38D8462D2695F80500D4BA3E /* Preview Content */ = {
			isa = PBXGroup;
			children = (
				38D8462E2695F80500D4BA3E /* Preview Assets.xcassets */,
			);
			path = "Preview Content";
			sourceTree = "<group>";
		};
/* End PBXGroup section */

/* Begin PBXNativeTarget section */
		38D846212695F80400D4BA3E /* SnowSeeker */ = {
			isa = PBXNativeTarget;
			buildConfigurationList = 38D846362695F80500D4BA3E /* Build configuration list for PBXNativeTarget "SnowSeeker" */;
			buildPhases = (
				38D8461E2695F80400D4BA3E /* Sources */,
				38D8461F2695F80400D4BA3E /* Frameworks */,
				38D846202695F80400D4BA3E /* Resources */,
			);
			buildRules = (
			);
			dependencies = (
			);
			name = SnowSeeker;
			productName = SnowSeeker;
			productReference = 38D846222695F80400D4BA3E /* SnowSeeker.app */;
			productType = "com.apple.product-type.application";
		};
/* End PBXNativeTarget section */

/* Begin PBXProject section */
		38D8461A2695F80400D4BA3E /* Project object */ = {
			isa = PBXProject;
			attributes = {
				LastSwiftUpdateCheck = 1250;
				LastUpgradeCheck = 1250;
				TargetAttributes = {
					38D846212695F80400D4BA3E = {
						CreatedOnToolsVersion = 12.5.1;
					};
				};
			};
			buildConfigurationList = 38D8461D2695F80400D4BA3E /* Build configuration list for PBXProject "SnowSeeker" */;
			compatibilityVersion = "Xcode 9.3";
			developmentRegion = en;
			hasScannedForEncodings = 0;
			knownRegions = (
				en,
				Base,
			);
			mainGroup = 38D846192695F80400D4BA3E;
			productRefGroup = 38D846232695F80400D4BA3E /* Products */;
			projectDirPath = "";
			projectRoot = "";
			targets = (
				38D846212695F80400D4BA3E /* SnowSeeker */,
			);
		};
/* End PBXProject section */

/* Begin PBXResourcesBuildPhase section */
		38D846202695F80400D4BA3E /* Resources */ = {
			isa = PBXResourcesBuildPhase;
			buildActionMask = 2147483647;
			files = (
				38D846322695F80500D4BA3E /* LaunchScreen.storyboard in Resources */,
				38D8462F2695F80500D4BA3E /* Preview Assets.xcassets in Resources */,
				38D8463A2695FC6A00D4BA3E /* resorts.json in Resources */,
				38D8462C2695F80500D4BA3E /* Assets.xcassets in Resources */,
			);
			runOnlyForDeploymentPostprocessing = 0;
		};
/* End PBXResourcesBuildPhase section */

/* Begin PBXSourcesBuildPhase section */
		38D8461E2695F80400D4BA3E /* Sources */ = {
			isa = PBXSourcesBuildPhase;
			buildActionMask = 2147483647;
			files = (
				38D846262695F80400D4BA3E /* AppDelegate.swift in Sources */,
				38D846402695FF1F00D4BA3E /* WelcomeView.swift in Sources */,
				38D846482696066100D4BA3E /* Facility.swift in Sources */,
				38D846282695F80400D4BA3E /* SceneDelegate.swift in Sources */,
				38D846422696009B00D4BA3E /* ResortView.swift in Sources */,
				38D8464C269609CE00D4BA3E /* Favorites.swift in Sources */,
				38D8463E2695FD5C00D4BA3E /* Bundle-Decodable.swift in Sources */,
				38D8463C2695FCA400D4BA3E /* Resort.swift in Sources */,
				38D846462696020200D4BA3E /* ResortDetailsView.swift in Sources */,
				38D8462A2695F80400D4BA3E /* ContentView.swift in Sources */,
				38D84644269601C900D4BA3E /* SkiDetailsView.swift in Sources */,
			);
			runOnlyForDeploymentPostprocessing = 0;
		};
/* End PBXSourcesBuildPhase section */

/* Begin PBXVariantGroup section */
		38D846302695F80500D4BA3E /* LaunchScreen.storyboard */ = {
			isa = PBXVariantGroup;
			children = (
				38D846312695F80500D4BA3E /* Base */,
			);
			name = LaunchScreen.storyboard;
			sourceTree = "<group>";
		};
/* End PBXVariantGroup section */

/* Begin XCBuildConfiguration section */
		38D846342695F80500D4BA3E /* Debug */ = {
			isa = XCBuildConfiguration;
			buildSettings = {
				ALWAYS_SEARCH_USER_PATHS = NO;
				CLANG_ANALYZER_NONNULL = YES;
				CLANG_ANALYZER_NUMBER_OBJECT_CONVERSION = YES_AGGRESSIVE;
				CLANG_CXX_LANGUAGE_STANDARD = "gnu++14";
				CLANG_CXX_LIBRARY = "libc++";
				CLANG_ENABLE_MODULES = YES;
				CLANG_ENABLE_OBJC_ARC = YES;
				CLANG_ENABLE_OBJC_WEAK = YES;
				CLANG_WARN_BLOCK_CAPTURE_AUTORELEASING = YES;
				CLANG_WARN_BOOL_CONVERSION = YES;
				CLANG_WARN_COMMA = YES;
				CLANG_WARN_CONSTANT_CONVERSION = YES;
				CLANG_WARN_DEPRECATED_OBJC_IMPLEMENTATIONS = YES;
				CLANG_WARN_DIRECT_OBJC_ISA_USAGE = YES_ERROR;
				CLANG_WARN_DOCUMENTATION_COMMENTS = YES;
				CLANG_WARN_EMPTY_BODY = YES;
				CLANG_WARN_ENUM_CONVERSION = YES;
				CLANG_WARN_INFINITE_RECURSION = YES;
				CLANG_WARN_INT_CONVERSION = YES;
				CLANG_WARN_NON_LITERAL_NULL_CONVERSION = YES;
				CLANG_WARN_OBJC_IMPLICIT_RETAIN_SELF = YES;
				CLANG_WARN_OBJC_LITERAL_CONVERSION = YES;
				CLANG_WARN_OBJC_ROOT_CLASS = YES_ERROR;
				CLANG_WARN_QUOTED_INCLUDE_IN_FRAMEWORK_HEADER = YES;
				CLANG_WARN_RANGE_LOOP_ANALYSIS = YES;
				CLANG_WARN_STRICT_PROTOTYPES = YES;
				CLANG_WARN_SUSPICIOUS_MOVE = YES;
				CLANG_WARN_UNGUARDED_AVAILABILITY = YES_AGGRESSIVE;
				CLANG_WARN_UNREACHABLE_CODE = YES;
				CLANG_WARN__DUPLICATE_METHOD_MATCH = YES;
				COPY_PHASE_STRIP = NO;
				DEBUG_INFORMATION_FORMAT = dwarf;
				ENABLE_STRICT_OBJC_MSGSEND = YES;
				ENABLE_TESTABILITY = YES;
				GCC_C_LANGUAGE_STANDARD = gnu11;
				GCC_DYNAMIC_NO_PIC = NO;
				GCC_NO_COMMON_BLOCKS = YES;
				GCC_OPTIMIZATION_LEVEL = 0;
				GCC_PREPROCESSOR_DEFINITIONS = (
					"DEBUG=1",
					"$(inherited)",
				);
				GCC_WARN_64_TO_32_BIT_CONVERSION = YES;
				GCC_WARN_ABOUT_RETURN_TYPE = YES_ERROR;
				GCC_WARN_UNDECLARED_SELECTOR = YES;
				GCC_WARN_UNINITIALIZED_AUTOS = YES_AGGRESSIVE;
				GCC_WARN_UNUSED_FUNCTION = YES;
				GCC_WARN_UNUSED_VARIABLE = YES;
				IPHONEOS_DEPLOYMENT_TARGET = 14.5;
				MTL_ENABLE_DEBUG_INFO = INCLUDE_SOURCE;
				MTL_FAST_MATH = YES;
				ONLY_ACTIVE_ARCH = YES;
				SDKROOT = iphoneos;
				SWIFT_ACTIVE_COMPILATION_CONDITIONS = DEBUG;
				SWIFT_OPTIMIZATION_LEVEL = "-Onone";
			};
			name = Debug;
		};
		38D846352695F80500D4BA3E /* Release */ = {
			isa = XCBuildConfiguration;
			buildSettings = {
				ALWAYS_SEARCH_USER_PATHS = NO;
				CLANG_ANALYZER_NONNULL = YES;
				CLANG_ANALYZER_NUMBER_OBJECT_CONVERSION = YES_AGGRESSIVE;
				CLANG_CXX_LANGUAGE_STANDARD = "gnu++14";
				CLANG_CXX_LIBRARY = "libc++";
				CLANG_ENABLE_MODULES = YES;
				CLANG_ENABLE_OBJC_ARC = YES;
				CLANG_ENABLE_OBJC_WEAK = YES;
				CLANG_WARN_BLOCK_CAPTURE_AUTORELEASING = YES;
				CLANG_WARN_BOOL_CONVERSION = YES;
				CLANG_WARN_COMMA = YES;
				CLANG_WARN_CONSTANT_CONVERSION = YES;
				CLANG_WARN_DEPRECATED_OBJC_IMPLEMENTATIONS = YES;
				CLANG_WARN_DIRECT_OBJC_ISA_USAGE = YES_ERROR;
				CLANG_WARN_DOCUMENTATION_COMMENTS = YES;
				CLANG_WARN_EMPTY_BODY = YES;
				CLANG_WARN_ENUM_CONVERSION = YES;
				CLANG_WARN_INFINITE_RECURSION = YES;
				CLANG_WARN_INT_CONVERSION = YES;
				CLANG_WARN_NON_LITERAL_NULL_CONVERSION = YES;
				CLANG_WARN_OBJC_IMPLICIT_RETAIN_SELF = YES;
				CLANG_WARN_OBJC_LITERAL_CONVERSION = YES;
				CLANG_WARN_OBJC_ROOT_CLASS = YES_ERROR;
				CLANG_WARN_QUOTED_INCLUDE_IN_FRAMEWORK_HEADER = YES;
				CLANG_WARN_RANGE_LOOP_ANALYSIS = YES;
				CLANG_WARN_STRICT_PROTOTYPES = YES;
				CLANG_WARN_SUSPICIOUS_MOVE = YES;
				CLANG_WARN_UNGUARDED_AVAILABILITY = YES_AGGRESSIVE;
				CLANG_WARN_UNREACHABLE_CODE = YES;
				CLANG_WARN__DUPLICATE_METHOD_MATCH = YES;
				COPY_PHASE_STRIP = NO;
				DEBUG_INFORMATION_FORMAT = "dwarf-with-dsym";
				ENABLE_NS_ASSERTIONS = NO;
				ENABLE_STRICT_OBJC_MSGSEND = YES;
				GCC_C_LANGUAGE_STANDARD = gnu11;
				GCC_NO_COMMON_BLOCKS = YES;
				GCC_WARN_64_TO_32_BIT_CONVERSION = YES;
				GCC_WARN_ABOUT_RETURN_TYPE = YES_ERROR;
				GCC_WARN_UNDECLARED_SELECTOR = YES;
				GCC_WARN_UNINITIALIZED_AUTOS = YES_AGGRESSIVE;
				GCC_WARN_UNUSED_FUNCTION = YES;
				GCC_WARN_UNUSED_VARIABLE = YES;
				IPHONEOS_DEPLOYMENT_TARGET = 14.5;
				MTL_ENABLE_DEBUG_INFO = NO;
				MTL_FAST_MATH = YES;
				SDKROOT = iphoneos;
				SWIFT_COMPILATION_MODE = wholemodule;
				SWIFT_OPTIMIZATION_LEVEL = "-O";
				VALIDATE_PRODUCT = YES;
			};
			name = Release;
		};
		38D846372695F80500D4BA3E /* Debug */ = {
			isa = XCBuildConfiguration;
			buildSettings = {
				ASSETCATALOG_COMPILER_APPICON_NAME = AppIcon;
				ASSETCATALOG_COMPILER_GLOBAL_ACCENT_COLOR_NAME = AccentColor;
				CODE_SIGN_STYLE = Automatic;
				DEVELOPMENT_ASSET_PATHS = "\"SnowSeeker/Preview Content\"";
				DEVELOPMENT_TEAM = UM3QPHF8E3;
				ENABLE_PREVIEWS = YES;
				INFOPLIST_FILE = SnowSeeker/Info.plist;
				LD_RUNPATH_SEARCH_PATHS = (
					"$(inherited)",
					"@executable_path/Frameworks",
				);
				PRODUCT_BUNDLE_IDENTIFIER = me.chenchik.ios.SnowSeeker;
				PRODUCT_NAME = "$(TARGET_NAME)";
				SWIFT_VERSION = 5.0;
				TARGETED_DEVICE_FAMILY = "1,2";
			};
			name = Debug;
		};
		38D846382695F80500D4BA3E /* Release */ = {
			isa = XCBuildConfiguration;
			buildSettings = {
				ASSETCATALOG_COMPILER_APPICON_NAME = AppIcon;
				ASSETCATALOG_COMPILER_GLOBAL_ACCENT_COLOR_NAME = AccentColor;
				CODE_SIGN_STYLE = Automatic;
				DEVELOPMENT_ASSET_PATHS = "\"SnowSeeker/Preview Content\"";
				DEVELOPMENT_TEAM = UM3QPHF8E3;
				ENABLE_PREVIEWS = YES;
				INFOPLIST_FILE = SnowSeeker/Info.plist;
				LD_RUNPATH_SEARCH_PATHS = (
					"$(inherited)",
					"@executable_path/Frameworks",
				);
				PRODUCT_BUNDLE_IDENTIFIER = me.chenchik.ios.SnowSeeker;
				PRODUCT_NAME = "$(TARGET_NAME)";
				SWIFT_VERSION = 5.0;
				TARGETED_DEVICE_FAMILY = "1,2";
			};
			name = Release;
		};
/* End XCBuildConfiguration section */

/* Begin XCConfigurationList section */
		38D8461D2695F80400D4BA3E /* Build configuration list for PBXProject "SnowSeeker" */ = {
			isa = XCConfigurationList;
			buildConfigurations = (
				38D846342695F80500D4BA3E /* Debug */,
				38D846352695F80500D4BA3E /* Release */,
			);
			defaultConfigurationIsVisible = 0;
			defaultConfigurationName = Release;
		};
		38D846362695F80500D4BA3E /* Build configuration list for PBXNativeTarget "SnowSeeker" */ = {
			isa = XCConfigurationList;
			buildConfigurations = (
				38D846372695F80500D4BA3E /* Debug */,
				38D846382695F80500D4BA3E /* Release */,
			);
			defaultConfigurationIsVisible = 0;
			defaultConfigurationName = Release;
		};
/* End XCConfigurationList section */
	};
	rootObject = 38D8461A2695F80400D4BA3E /* Project object */;
}
