// !$*UTF8*$!
{
	archiveVersion = 1;
	classes = {
	};
	objectVersion = 50;
	objects = {

/* Begin PBXBuildFile section */
		38B045E0265D59FB002CD1AD /* AppDelegate.swift in Sources */ = {isa = PBXBuildFile; fileRef = 38B045DF265D59FB002CD1AD /* AppDelegate.swift */; };
		38B045E2265D59FB002CD1AD /* SceneDelegate.swift in Sources */ = {isa = PBXBuildFile; fileRef = 38B045E1265D59FB002CD1AD /* SceneDelegate.swift */; };
		38B045E4265D59FB002CD1AD /* ViewController.swift in Sources */ = {isa = PBXBuildFile; fileRef = 38B045E3265D59FB002CD1AD /* ViewController.swift */; };
		38B045E7265D59FB002CD1AD /* Main.storyboard in Resources */ = {isa = PBXBuildFile; fileRef = 38B045E5265D59FB002CD1AD /* Main.storyboard */; };
		38B045E9265D59FC002CD1AD /* Assets.xcassets in Resources */ = {isa = PBXBuildFile; fileRef = 38B045E8265D59FC002CD1AD /* Assets.xcassets */; };
		38B045EC265D59FC002CD1AD /* LaunchScreen.storyboard in Resources */ = {isa = PBXBuildFile; fileRef = 38B045EA265D59FC002CD1AD /* LaunchScreen.storyboard */; };
		38B045F4265D5E00002CD1AD /* start.txt in Resources */ = {isa = PBXBuildFile; fileRef = 38B045F3265D5E00002CD1AD /* start.txt */; };
/* End PBXBuildFile section */

/* Begin PBXFileReference section */
		38B045DC265D59FB002CD1AD /* Project5.app */ = {isa = PBXFileReference; explicitFileType = wrapper.application; includeInIndex = 0; path = Project5.app; sourceTree = BUILT_PRODUCTS_DIR; };
		38B045DF265D59FB002CD1AD /* AppDelegate.swift */ = {isa = PBXFileReference; lastKnownFileType = sourcecode.swift; path = AppDelegate.swift; sourceTree = "<group>"; };
		38B045E1265D59FB002CD1AD /* SceneDelegate.swift */ = {isa = PBXFileReference; lastKnownFileType = sourcecode.swift; path = SceneDelegate.swift; sourceTree = "<group>"; };
		38B045E3265D59FB002CD1AD /* ViewController.swift */ = {isa = PBXFileReference; lastKnownFileType = sourcecode.swift; path = ViewController.swift; sourceTree = "<group>"; };
		38B045E6265D59FB002CD1AD /* Base */ = {isa = PBXFileReference; lastKnownFileType = file.storyboard; name = Base; path = Base.lproj/Main.storyboard; sourceTree = "<group>"; };
		38B045E8265D59FC002CD1AD /* Assets.xcassets */ = {isa = PBXFileReference; lastKnownFileType = folder.assetcatalog; path = Assets.xcassets; sourceTree = "<group>"; };
		38B045EB265D59FC002CD1AD /* Base */ = {isa = PBXFileReference; lastKnownFileType = file.storyboard; name = Base; path = Base.lproj/LaunchScreen.storyboard; sourceTree = "<group>"; };
		38B045ED265D59FC002CD1AD /* Info.plist */ = {isa = PBXFileReference; lastKnownFileType = text.plist.xml; path = Info.plist; sourceTree = "<group>"; };
		38B045F3265D5E00002CD1AD /* start.txt */ = {isa = PBXFileReference; fileEncoding = 4; lastKnownFileType = text; path = start.txt; sourceTree = "<group>"; };
/* End PBXFileReference section */

/* Begin PBXFrameworksBuildPhase section */
		38B045D9265D59FB002CD1AD /* Frameworks */ = {
			isa = PBXFrameworksBuildPhase;
			buildActionMask = 2147483647;
			files = (
			);
			runOnlyForDeploymentPostprocessing = 0;
		};
/* End PBXFrameworksBuildPhase section */

/* Begin PBXGroup section */
		38B045D3265D59FB002CD1AD = {
			isa = PBXGroup;
			children = (
				38B045DE265D59FB002CD1AD /* Project5 */,
				38B045DD265D59FB002CD1AD /* Products */,
			);
			sourceTree = "<group>";
		};
		38B045DD265D59FB002CD1AD /* Products */ = {
			isa = PBXGroup;
			children = (
				38B045DC265D59FB002CD1AD /* Project5.app */,
			);
			name = Products;
			sourceTree = "<group>";
		};
		38B045DE265D59FB002CD1AD /* Project5 */ = {
			isa = PBXGroup;
			children = (
				38B045DF265D59FB002CD1AD /* AppDelegate.swift */,
				38B045E1265D59FB002CD1AD /* SceneDelegate.swift */,
				38B045E3265D59FB002CD1AD /* ViewController.swift */,
				38B045E5265D59FB002CD1AD /* Main.storyboard */,
				38B045E8265D59FC002CD1AD /* Assets.xcassets */,
				38B045EA265D59FC002CD1AD /* LaunchScreen.storyboard */,
				38B045ED265D59FC002CD1AD /* Info.plist */,
				38B045F3265D5E00002CD1AD /* start.txt */,
			);
			path = Project5;
			sourceTree = "<group>";
		};
/* End PBXGroup section */

/* Begin PBXNativeTarget section */
		38B045DB265D59FB002CD1AD /* Project5 */ = {
			isa = PBXNativeTarget;
			buildConfigurationList = 38B045F0265D59FC002CD1AD /* Build configuration list for PBXNativeTarget "Project5" */;
			buildPhases = (
				38B045D8265D59FB002CD1AD /* Sources */,
				38B045D9265D59FB002CD1AD /* Frameworks */,
				38B045DA265D59FB002CD1AD /* Resources */,
			);
			buildRules = (
			);
			dependencies = (
			);
			name = Project5;
			productName = Project5;
			productReference = 38B045DC265D59FB002CD1AD /* Project5.app */;
			productType = "com.apple.product-type.application";
		};
/* End PBXNativeTarget section */

/* Begin PBXProject section */
		38B045D4265D59FB002CD1AD /* Project object */ = {
			isa = PBXProject;
			attributes = {
				LastSwiftUpdateCheck = 1250;
				LastUpgradeCheck = 1250;
				TargetAttributes = {
					38B045DB265D59FB002CD1AD = {
						CreatedOnToolsVersion = 12.5;
					};
				};
			};
			buildConfigurationList = 38B045D7265D59FB002CD1AD /* Build configuration list for PBXProject "Project5" */;
			compatibilityVersion = "Xcode 9.3";
			developmentRegion = en;
			hasScannedForEncodings = 0;
			knownRegions = (
				en,
				Base,
			);
			mainGroup = 38B045D3265D59FB002CD1AD;
			productRefGroup = 38B045DD265D59FB002CD1AD /* Products */;
			projectDirPath = "";
			projectRoot = "";
			targets = (
				38B045DB265D59FB002CD1AD /* Project5 */,
			);
		};
/* End PBXProject section */

/* Begin PBXResourcesBuildPhase section */
		38B045DA265D59FB002CD1AD /* Resources */ = {
			isa = PBXResourcesBuildPhase;
			buildActionMask = 2147483647;
			files = (
				38B045EC265D59FC002CD1AD /* LaunchScreen.storyboard in Resources */,
				38B045F4265D5E00002CD1AD /* start.txt in Resources */,
				38B045E9265D59FC002CD1AD /* Assets.xcassets in Resources */,
				38B045E7265D59FB002CD1AD /* Main.storyboard in Resources */,
			);
			runOnlyForDeploymentPostprocessing = 0;
		};
/* End PBXResourcesBuildPhase section */

/* Begin PBXSourcesBuildPhase section */
		38B045D8265D59FB002CD1AD /* Sources */ = {
			isa = PBXSourcesBuildPhase;
			buildActionMask = 2147483647;
			files = (
				38B045E4265D59FB002CD1AD /* ViewController.swift in Sources */,
				38B045E0265D59FB002CD1AD /* AppDelegate.swift in Sources */,
				38B045E2265D59FB002CD1AD /* SceneDelegate.swift in Sources */,
			);
			runOnlyForDeploymentPostprocessing = 0;
		};
/* End PBXSourcesBuildPhase section */

/* Begin PBXVariantGroup section */
		38B045E5265D59FB002CD1AD /* Main.storyboard */ = {
			isa = PBXVariantGroup;
			children = (
				38B045E6265D59FB002CD1AD /* Base */,
			);
			name = Main.storyboard;
			sourceTree = "<group>";
		};
		38B045EA265D59FC002CD1AD /* LaunchScreen.storyboard */ = {
			isa = PBXVariantGroup;
			children = (
				38B045EB265D59FC002CD1AD /* Base */,
			);
			name = LaunchScreen.storyboard;
			sourceTree = "<group>";
		};
/* End PBXVariantGroup section */

/* Begin XCBuildConfiguration section */
		38B045EE265D59FC002CD1AD /* Debug */ = {
			isa = XCBuildConfiguration;
			buildSettings = {
				ALWAYS_SEARCH_USER_PATHS = NO;
				CLANG_ANALYZER_NONNULL = YES;
				CLANG_ANALYZER_NUMBER_OBJECT_CONVERSION = YES_AGGRESSIVE;
				CLANG_CXX_LANGUAGE_STANDARD = "gnu++14";
				CLANG_CXX_LIBRARY = "libc++";
				CLANG_ENABLE_MODULES = YES;
				CLANG_ENABLE_OBJC_ARC = YES;
				CLANG_ENABLE_OBJC_WEAK = YES;
				CLANG_WARN_BLOCK_CAPTURE_AUTORELEASING = YES;
				CLANG_WARN_BOOL_CONVERSION = YES;
				CLANG_WARN_COMMA = YES;
				CLANG_WARN_CONSTANT_CONVERSION = YES;
				CLANG_WARN_DEPRECATED_OBJC_IMPLEMENTATIONS = YES;
				CLANG_WARN_DIRECT_OBJC_ISA_USAGE = YES_ERROR;
				CLANG_WARN_DOCUMENTATION_COMMENTS = YES;
				CLANG_WARN_EMPTY_BODY = YES;
				CLANG_WARN_ENUM_CONVERSION = YES;
				CLANG_WARN_INFINITE_RECURSION = YES;
				CLANG_WARN_INT_CONVERSION = YES;
				CLANG_WARN_NON_LITERAL_NULL_CONVERSION = YES;
				CLANG_WARN_OBJC_IMPLICIT_RETAIN_SELF = YES;
				CLANG_WARN_OBJC_LITERAL_CONVERSION = YES;
				CLANG_WARN_OBJC_ROOT_CLASS = YES_ERROR;
				CLANG_WARN_QUOTED_INCLUDE_IN_FRAMEWORK_HEADER = YES;
				CLANG_WARN_RANGE_LOOP_ANALYSIS = YES;
				CLANG_WARN_STRICT_PROTOTYPES = YES;
				CLANG_WARN_SUSPICIOUS_MOVE = YES;
				CLANG_WARN_UNGUARDED_AVAILABILITY = YES_AGGRESSIVE;
				CLANG_WARN_UNREACHABLE_CODE = YES;
				CLANG_WARN__DUPLICATE_METHOD_MATCH = YES;
				COPY_PHASE_STRIP = NO;
				DEBUG_INFORMATION_FORMAT = dwarf;
				ENABLE_STRICT_OBJC_MSGSEND = YES;
				ENABLE_TESTABILITY = YES;
				GCC_C_LANGUAGE_STANDARD = gnu11;
				GCC_DYNAMIC_NO_PIC = NO;
				GCC_NO_COMMON_BLOCKS = YES;
				GCC_OPTIMIZATION_LEVEL = 0;
				GCC_PREPROCESSOR_DEFINITIONS = (
					"DEBUG=1",
					"$(inherited)",
				);
				GCC_WARN_64_TO_32_BIT_CONVERSION = YES;
				GCC_WARN_ABOUT_RETURN_TYPE = YES_ERROR;
				GCC_WARN_UNDECLARED_SELECTOR = YES;
				GCC_WARN_UNINITIALIZED_AUTOS = YES_AGGRESSIVE;
				GCC_WARN_UNUSED_FUNCTION = YES;
				GCC_WARN_UNUSED_VARIABLE = YES;
				IPHONEOS_DEPLOYMENT_TARGET = 14.5;
				MTL_ENABLE_DEBUG_INFO = INCLUDE_SOURCE;
				MTL_FAST_MATH = YES;
				ONLY_ACTIVE_ARCH = YES;
				SDKROOT = iphoneos;
				SWIFT_ACTIVE_COMPILATION_CONDITIONS = DEBUG;
				SWIFT_OPTIMIZATION_LEVEL = "-Onone";
			};
			name = Debug;
		};
		38B045EF265D59FC002CD1AD /* Release */ = {
			isa = XCBuildConfiguration;
			buildSettings = {
				ALWAYS_SEARCH_USER_PATHS = NO;
				CLANG_ANALYZER_NONNULL = YES;
				CLANG_ANALYZER_NUMBER_OBJECT_CONVERSION = YES_AGGRESSIVE;
				CLANG_CXX_LANGUAGE_STANDARD = "gnu++14";
				CLANG_CXX_LIBRARY = "libc++";
				CLANG_ENABLE_MODULES = YES;
				CLANG_ENABLE_OBJC_ARC = YES;
				CLANG_ENABLE_OBJC_WEAK = YES;
				CLANG_WARN_BLOCK_CAPTURE_AUTORELEASING = YES;
				CLANG_WARN_BOOL_CONVERSION = YES;
				CLANG_WARN_COMMA = YES;
				CLANG_WARN_CONSTANT_CONVERSION = YES;
				CLANG_WARN_DEPRECATED_OBJC_IMPLEMENTATIONS = YES;
				CLANG_WARN_DIRECT_OBJC_ISA_USAGE = YES_ERROR;
				CLANG_WARN_DOCUMENTATION_COMMENTS = YES;
				CLANG_WARN_EMPTY_BODY = YES;
				CLANG_WARN_ENUM_CONVERSION = YES;
				CLANG_WARN_INFINITE_RECURSION = YES;
				CLANG_WARN_INT_CONVERSION = YES;
				CLANG_WARN_NON_LITERAL_NULL_CONVERSION = YES;
				CLANG_WARN_OBJC_IMPLICIT_RETAIN_SELF = YES;
				CLANG_WARN_OBJC_LITERAL_CONVERSION = YES;
				CLANG_WARN_OBJC_ROOT_CLASS = YES_ERROR;
				CLANG_WARN_QUOTED_INCLUDE_IN_FRAMEWORK_HEADER = YES;
				CLANG_WARN_RANGE_LOOP_ANALYSIS = YES;
				CLANG_WARN_STRICT_PROTOTYPES = YES;
				CLANG_WARN_SUSPICIOUS_MOVE = YES;
				CLANG_WARN_UNGUARDED_AVAILABILITY = YES_AGGRESSIVE;
				CLANG_WARN_UNREACHABLE_CODE = YES;
				CLANG_WARN__DUPLICATE_METHOD_MATCH = YES;
				COPY_PHASE_STRIP = NO;
				DEBUG_INFORMATION_FORMAT = "dwarf-with-dsym";
				ENABLE_NS_ASSERTIONS = NO;
				ENABLE_STRICT_OBJC_MSGSEND = YES;
				GCC_C_LANGUAGE_STANDARD = gnu11;
				GCC_NO_COMMON_BLOCKS = YES;
				GCC_WARN_64_TO_32_BIT_CONVERSION = YES;
				GCC_WARN_ABOUT_RETURN_TYPE = YES_ERROR;
				GCC_WARN_UNDECLARED_SELECTOR = YES;
				GCC_WARN_UNINITIALIZED_AUTOS = YES_AGGRESSIVE;
				GCC_WARN_UNUSED_FUNCTION = YES;
				GCC_WARN_UNUSED_VARIABLE = YES;
				IPHONEOS_DEPLOYMENT_TARGET = 14.5;
				MTL_ENABLE_DEBUG_INFO = NO;
				MTL_FAST_MATH = YES;
				SDKROOT = iphoneos;
				SWIFT_COMPILATION_MODE = wholemodule;
				SWIFT_OPTIMIZATION_LEVEL = "-O";
				VALIDATE_PRODUCT = YES;
			};
			name = Release;
		};
		38B045F1265D59FC002CD1AD /* Debug */ = {
			isa = XCBuildConfiguration;
			buildSettings = {
				ASSETCATALOG_COMPILER_APPICON_NAME = AppIcon;
				ASSETCATALOG_COMPILER_GLOBAL_ACCENT_COLOR_NAME = AccentColor;
				CODE_SIGN_STYLE = Automatic;
				DEVELOPMENT_TEAM = UM3QPHF8E3;
				INFOPLIST_FILE = Project5/Info.plist;
				LD_RUNPATH_SEARCH_PATHS = (
					"$(inherited)",
					"@executable_path/Frameworks",
				);
				PRODUCT_BUNDLE_IDENTIFIER = me.chenchik.ios.Project5;
				PRODUCT_NAME = "$(TARGET_NAME)";
				SWIFT_VERSION = 5.0;
				TARGETED_DEVICE_FAMILY = "1,2";
			};
			name = Debug;
		};
		38B045F2265D59FC002CD1AD /* Release */ = {
			isa = XCBuildConfiguration;
			buildSettings = {
				ASSETCATALOG_COMPILER_APPICON_NAME = AppIcon;
				ASSETCATALOG_COMPILER_GLOBAL_ACCENT_COLOR_NAME = AccentColor;
				CODE_SIGN_STYLE = Automatic;
				DEVELOPMENT_TEAM = UM3QPHF8E3;
				INFOPLIST_FILE = Project5/Info.plist;
				LD_RUNPATH_SEARCH_PATHS = (
					"$(inherited)",
					"@executable_path/Frameworks",
				);
				PRODUCT_BUNDLE_IDENTIFIER = me.chenchik.ios.Project5;
				PRODUCT_NAME = "$(TARGET_NAME)";
				SWIFT_VERSION = 5.0;
				TARGETED_DEVICE_FAMILY = "1,2";
			};
			name = Release;
		};
/* End XCBuildConfiguration section */

/* Begin XCConfigurationList section */
		38B045D7265D59FB002CD1AD /* Build configuration list for PBXProject "Project5" */ = {
			isa = XCConfigurationList;
			buildConfigurations = (
				38B045EE265D59FC002CD1AD /* Debug */,
				38B045EF265D59FC002CD1AD /* Release */,
			);
			defaultConfigurationIsVisible = 0;
			defaultConfigurationName = Release;
		};
		38B045F0265D59FC002CD1AD /* Build configuration list for PBXNativeTarget "Project5" */ = {
			isa = XCConfigurationList;
			buildConfigurations = (
				38B045F1265D59FC002CD1AD /* Debug */,
				38B045F2265D59FC002CD1AD /* Release */,
			);
			defaultConfigurationIsVisible = 0;
			defaultConfigurationName = Release;
		};
/* End XCConfigurationList section */
	};
	rootObject = 38B045D4265D59FB002CD1AD /* Project object */;
}
